// !$*UTF8*$!
{
	archiveVersion = 1;
	classes = {
	};
	objectVersion = 56;
	objects = {

/* Begin PBXBuildFile section */
		52D01DCA293DF00000103B11 /* Sample013_ListApp.swift in Sources */ = {isa = PBXBuildFile; fileRef = 52D01DC9293DF00000103B11 /* Sample013_ListApp.swift */; };
		52D01DCC293DF00000103B11 /* ContentView.swift in Sources */ = {isa = PBXBuildFile; fileRef = 52D01DCB293DF00000103B11 /* ContentView.swift */; };
		52D01DCE293DF00200103B11 /* Assets.xcassets in Resources */ = {isa = PBXBuildFile; fileRef = 52D01DCD293DF00200103B11 /* Assets.xcassets */; };
		52D01DD1293DF00200103B11 /* Preview Assets.xcassets in Resources */ = {isa = PBXBuildFile; fileRef = 52D01DD0293DF00200103B11 /* Preview Assets.xcassets */; };
		52D01DD9293DF06900103B11 /* StandardList.swift in Sources */ = {isa = PBXBuildFile; fileRef = 52D01DD8293DF06900103B11 /* StandardList.swift */; };
		52D01DDB293DF10500103B11 /* Employee.swift in Sources */ = {isa = PBXBuildFile; fileRef = 52D01DDA293DF10500103B11 /* Employee.swift */; };
		52D01DDE293DF69000103B11 /* Introspect in Frameworks */ = {isa = PBXBuildFile; productRef = 52D01DDD293DF69000103B11 /* Introspect */; };
		52D01DE0293DF74B00103B11 /* StandardListRow.swift in Sources */ = {isa = PBXBuildFile; fileRef = 52D01DDF293DF74B00103B11 /* StandardListRow.swift */; };
/* End PBXBuildFile section */

/* Begin PBXFileReference section */
		52D01DC6293DF00000103B11 /* Sample013-List.app */ = {isa = PBXFileReference; explicitFileType = wrapper.application; includeInIndex = 0; path = "Sample013-List.app"; sourceTree = BUILT_PRODUCTS_DIR; };
		52D01DC9293DF00000103B11 /* Sample013_ListApp.swift */ = {isa = PBXFileReference; lastKnownFileType = sourcecode.swift; path = Sample013_ListApp.swift; sourceTree = "<group>"; };
		52D01DCB293DF00000103B11 /* ContentView.swift */ = {isa = PBXFileReference; lastKnownFileType = sourcecode.swift; path = ContentView.swift; sourceTree = "<group>"; };
		52D01DCD293DF00200103B11 /* Assets.xcassets */ = {isa = PBXFileReference; lastKnownFileType = folder.assetcatalog; path = Assets.xcassets; sourceTree = "<group>"; };
		52D01DD0293DF00200103B11 /* Preview Assets.xcassets */ = {isa = PBXFileReference; lastKnownFileType = folder.assetcatalog; path = "Preview Assets.xcassets"; sourceTree = "<group>"; };
		52D01DD8293DF06900103B11 /* StandardList.swift */ = {isa = PBXFileReference; lastKnownFileType = sourcecode.swift; path = StandardList.swift; sourceTree = "<group>"; };
		52D01DDA293DF10500103B11 /* Employee.swift */ = {isa = PBXFileReference; lastKnownFileType = sourcecode.swift; path = Employee.swift; sourceTree = "<group>"; };
		52D01DDF293DF74B00103B11 /* StandardListRow.swift */ = {isa = PBXFileReference; lastKnownFileType = sourcecode.swift; path = StandardListRow.swift; sourceTree = "<group>"; };
/* End PBXFileReference section */

/* Begin PBXFrameworksBuildPhase section */
		52D01DC3293DF00000103B11 /* Frameworks */ = {
			isa = PBXFrameworksBuildPhase;
			buildActionMask = 2147483647;
			files = (
				52D01DDE293DF69000103B11 /* Introspect in Frameworks */,
			);
			runOnlyForDeploymentPostprocessing = 0;
		};
/* End PBXFrameworksBuildPhase section */

/* Begin PBXGroup section */
		52D01DBD293DF00000103B11 = {
			isa = PBXGroup;
			children = (
				52D01DC8293DF00000103B11 /* Sample013-List */,
				52D01DC7293DF00000103B11 /* Products */,
			);
			sourceTree = "<group>";
		};
		52D01DC7293DF00000103B11 /* Products */ = {
			isa = PBXGroup;
			children = (
				52D01DC6293DF00000103B11 /* Sample013-List.app */,
			);
			name = Products;
			sourceTree = "<group>";
		};
		52D01DC8293DF00000103B11 /* Sample013-List */ = {
			isa = PBXGroup;
			children = (
				52D01DD7293DF05800103B11 /* StandardList */,
				52D01DC9293DF00000103B11 /* Sample013_ListApp.swift */,
				52D01DCB293DF00000103B11 /* ContentView.swift */,
				52D01DCD293DF00200103B11 /* Assets.xcassets */,
				52D01DCF293DF00200103B11 /* Preview Content */,
				52D01DDA293DF10500103B11 /* Employee.swift */,
			);
			path = "Sample013-List";
			sourceTree = "<group>";
		};
		52D01DCF293DF00200103B11 /* Preview Content */ = {
			isa = PBXGroup;
			children = (
				52D01DD0293DF00200103B11 /* Preview Assets.xcassets */,
			);
			path = "Preview Content";
			sourceTree = "<group>";
		};
		52D01DD7293DF05800103B11 /* StandardList */ = {
			isa = PBXGroup;
			children = (
				52D01DD8293DF06900103B11 /* StandardList.swift */,
				52D01DDF293DF74B00103B11 /* StandardListRow.swift */,
			);
			path = StandardList;
			sourceTree = "<group>";
		};
/* End PBXGroup section */

/* Begin PBXNativeTarget section */
		52D01DC5293DF00000103B11 /* Sample013-List */ = {
			isa = PBXNativeTarget;
			buildConfigurationList = 52D01DD4293DF00200103B11 /* Build configuration list for PBXNativeTarget "Sample013-List" */;
			buildPhases = (
				52D01DC2293DF00000103B11 /* Sources */,
				52D01DC3293DF00000103B11 /* Frameworks */,
				52D01DC4293DF00000103B11 /* Resources */,
			);
			buildRules = (
			);
			dependencies = (
			);
			name = "Sample013-List";
			packageProductDependencies = (
				52D01DDD293DF69000103B11 /* Introspect */,
			);
			productName = "Sample013-List";
			productReference = 52D01DC6293DF00000103B11 /* Sample013-List.app */;
			productType = "com.apple.product-type.application";
		};
/* End PBXNativeTarget section */

/* Begin PBXProject section */
		52D01DBE293DF00000103B11 /* Project object */ = {
			isa = PBXProject;
			attributes = {
				BuildIndependentTargetsInParallel = 1;
				LastSwiftUpdateCheck = 1410;
				LastUpgradeCheck = 1410;
				TargetAttributes = {
					52D01DC5293DF00000103B11 = {
						CreatedOnToolsVersion = 14.1;
					};
				};
			};
			buildConfigurationList = 52D01DC1293DF00000103B11 /* Build configuration list for PBXProject "Sample013-List" */;
			compatibilityVersion = "Xcode 14.0";
			developmentRegion = en;
			hasScannedForEncodings = 0;
			knownRegions = (
				en,
				Base,
			);
			mainGroup = 52D01DBD293DF00000103B11;
			packageReferences = (
				52D01DDC293DF69000103B11 /* XCRemoteSwiftPackageReference "SwiftUI-Introspect" */,
			);
			productRefGroup = 52D01DC7293DF00000103B11 /* Products */;
			projectDirPath = "";
			projectRoot = "";
			targets = (
				52D01DC5293DF00000103B11 /* Sample013-List */,
			);
		};
/* End PBXProject section */

/* Begin PBXResourcesBuildPhase section */
		52D01DC4293DF00000103B11 /* Resources */ = {
			isa = PBXResourcesBuildPhase;
			buildActionMask = 2147483647;
			files = (
				52D01DD1293DF00200103B11 /* Preview Assets.xcassets in Resources */,
				52D01DCE293DF00200103B11 /* Assets.xcassets in Resources */,
			);
			runOnlyForDeploymentPostprocessing = 0;
		};
/* End PBXResourcesBuildPhase section */

/* Begin PBXSourcesBuildPhase section */
		52D01DC2293DF00000103B11 /* Sources */ = {
			isa = PBXSourcesBuildPhase;
			buildActionMask = 2147483647;
			files = (
				52D01DCC293DF00000103B11 /* ContentView.swift in Sources */,
				52D01DDB293DF10500103B11 /* Employee.swift in Sources */,
				52D01DCA293DF00000103B11 /* Sample013_ListApp.swift in Sources */,
				52D01DE0293DF74B00103B11 /* StandardListRow.swift in Sources */,
				52D01DD9293DF06900103B11 /* StandardList.swift in Sources */,
			);
			runOnlyForDeploymentPostprocessing = 0;
		};
/* End PBXSourcesBuildPhase section */

/* Begin XCBuildConfiguration section */
		52D01DD2293DF00200103B11 /* Debug */ = {
			isa = XCBuildConfiguration;
			buildSettings = {
				ALWAYS_SEARCH_USER_PATHS = NO;
				CLANG_ANALYZER_NONNULL = YES;
				CLANG_ANALYZER_NUMBER_OBJECT_CONVERSION = YES_AGGRESSIVE;
				CLANG_CXX_LANGUAGE_STANDARD = "gnu++20";
				CLANG_ENABLE_MODULES = YES;
				CLANG_ENABLE_OBJC_ARC = YES;
				CLANG_ENABLE_OBJC_WEAK = YES;
				CLANG_WARN_BLOCK_CAPTURE_AUTORELEASING = YES;
				CLANG_WARN_BOOL_CONVERSION = YES;
				CLANG_WARN_COMMA = YES;
				CLANG_WARN_CONSTANT_CONVERSION = YES;
				CLANG_WARN_DEPRECATED_OBJC_IMPLEMENTATIONS = YES;
				CLANG_WARN_DIRECT_OBJC_ISA_USAGE = YES_ERROR;
				CLANG_WARN_DOCUMENTATION_COMMENTS = YES;
				CLANG_WARN_EMPTY_BODY = YES;
				CLANG_WARN_ENUM_CONVERSION = YES;
				CLANG_WARN_INFINITE_RECURSION = YES;
				CLANG_WARN_INT_CONVERSION = YES;
				CLANG_WARN_NON_LITERAL_NULL_CONVERSION = YES;
				CLANG_WARN_OBJC_IMPLICIT_RETAIN_SELF = YES;
				CLANG_WARN_OBJC_LITERAL_CONVERSION = YES;
				CLANG_WARN_OBJC_ROOT_CLASS = YES_ERROR;
				CLANG_WARN_QUOTED_INCLUDE_IN_FRAMEWORK_HEADER = YES;
				CLANG_WARN_RANGE_LOOP_ANALYSIS = YES;
				CLANG_WARN_STRICT_PROTOTYPES = YES;
				CLANG_WARN_SUSPICIOUS_MOVE = YES;
				CLANG_WARN_UNGUARDED_AVAILABILITY = YES_AGGRESSIVE;
				CLANG_WARN_UNREACHABLE_CODE = YES;
				CLANG_WARN__DUPLICATE_METHOD_MATCH = YES;
				COPY_PHASE_STRIP = NO;
				DEBUG_INFORMATION_FORMAT = dwarf;
				ENABLE_STRICT_OBJC_MSGSEND = YES;
				ENABLE_TESTABILITY = YES;
				GCC_C_LANGUAGE_STANDARD = gnu11;
				GCC_DYNAMIC_NO_PIC = NO;
				GCC_NO_COMMON_BLOCKS = YES;
				GCC_OPTIMIZATION_LEVEL = 0;
				GCC_PREPROCESSOR_DEFINITIONS = (
					"DEBUG=1",
					"$(inherited)",
				);
				GCC_WARN_64_TO_32_BIT_CONVERSION = YES;
				GCC_WARN_ABOUT_RETURN_TYPE = YES_ERROR;
				GCC_WARN_UNDECLARED_SELECTOR = YES;
				GCC_WARN_UNINITIALIZED_AUTOS = YES_AGGRESSIVE;
				GCC_WARN_UNUSED_FUNCTION = YES;
				GCC_WARN_UNUSED_VARIABLE = YES;
				IPHONEOS_DEPLOYMENT_TARGET = 14.0;
				MTL_ENABLE_DEBUG_INFO = INCLUDE_SOURCE;
				MTL_FAST_MATH = YES;
				ONLY_ACTIVE_ARCH = YES;
				SDKROOT = iphoneos;
				SWIFT_ACTIVE_COMPILATION_CONDITIONS = DEBUG;
				SWIFT_OPTIMIZATION_LEVEL = "-Onone";
			};
			name = Debug;
		};
		52D01DD3293DF00200103B11 /* Release */ = {
			isa = XCBuildConfiguration;
			buildSettings = {
				ALWAYS_SEARCH_USER_PATHS = NO;
				CLANG_ANALYZER_NONNULL = YES;
				CLANG_ANALYZER_NUMBER_OBJECT_CONVERSION = YES_AGGRESSIVE;
				CLANG_CXX_LANGUAGE_STANDARD = "gnu++20";
				CLANG_ENABLE_MODULES = YES;
				CLANG_ENABLE_OBJC_ARC = YES;
				CLANG_ENABLE_OBJC_WEAK = YES;
				CLANG_WARN_BLOCK_CAPTURE_AUTORELEASING = YES;
				CLANG_WARN_BOOL_CONVERSION = YES;
				CLANG_WARN_COMMA = YES;
				CLANG_WARN_CONSTANT_CONVERSION = YES;
				CLANG_WARN_DEPRECATED_OBJC_IMPLEMENTATIONS = YES;
				CLANG_WARN_DIRECT_OBJC_ISA_USAGE = YES_ERROR;
				CLANG_WARN_DOCUMENTATION_COMMENTS = YES;
				CLANG_WARN_EMPTY_BODY = YES;
				CLANG_WARN_ENUM_CONVERSION = YES;
				CLANG_WARN_INFINITE_RECURSION = YES;
				CLANG_WARN_INT_CONVERSION = YES;
				CLANG_WARN_NON_LITERAL_NULL_CONVERSION = YES;
				CLANG_WARN_OBJC_IMPLICIT_RETAIN_SELF = YES;
				CLANG_WARN_OBJC_LITERAL_CONVERSION = YES;
				CLANG_WARN_OBJC_ROOT_CLASS = YES_ERROR;
				CLANG_WARN_QUOTED_INCLUDE_IN_FRAMEWORK_HEADER = YES;
				CLANG_WARN_RANGE_LOOP_ANALYSIS = YES;
				CLANG_WARN_STRICT_PROTOTYPES = YES;
				CLANG_WARN_SUSPICIOUS_MOVE = YES;
				CLANG_WARN_UNGUARDED_AVAILABILITY = YES_AGGRESSIVE;
				CLANG_WARN_UNREACHABLE_CODE = YES;
				CLANG_WARN__DUPLICATE_METHOD_MATCH = YES;
				COPY_PHASE_STRIP = NO;
				DEBUG_INFORMATION_FORMAT = "dwarf-with-dsym";
				ENABLE_NS_ASSERTIONS = NO;
				ENABLE_STRICT_OBJC_MSGSEND = YES;
				GCC_C_LANGUAGE_STANDARD = gnu11;
				GCC_NO_COMMON_BLOCKS = YES;
				GCC_WARN_64_TO_32_BIT_CONVERSION = YES;
				GCC_WARN_ABOUT_RETURN_TYPE = YES_ERROR;
				GCC_WARN_UNDECLARED_SELECTOR = YES;
				GCC_WARN_UNINITIALIZED_AUTOS = YES_AGGRESSIVE;
				GCC_WARN_UNUSED_FUNCTION = YES;
				GCC_WARN_UNUSED_VARIABLE = YES;
				IPHONEOS_DEPLOYMENT_TARGET = 14.0;
				MTL_ENABLE_DEBUG_INFO = NO;
				MTL_FAST_MATH = YES;
				SDKROOT = iphoneos;
				SWIFT_COMPILATION_MODE = wholemodule;
				SWIFT_OPTIMIZATION_LEVEL = "-O";
				VALIDATE_PRODUCT = YES;
			};
			name = Release;
		};
		52D01DD5293DF00200103B11 /* Debug */ = {
			isa = XCBuildConfiguration;
			buildSettings = {
				ASSETCATALOG_COMPILER_APPICON_NAME = AppIcon;
				ASSETCATALOG_COMPILER_GLOBAL_ACCENT_COLOR_NAME = AccentColor;
				CODE_SIGN_STYLE = Automatic;
				CURRENT_PROJECT_VERSION = 1;
				DEVELOPMENT_ASSET_PATHS = "\"Sample013-List/Preview Content\"";
				DEVELOPMENT_TEAM = "";
				ENABLE_PREVIEWS = YES;
				GENERATE_INFOPLIST_FILE = YES;
				INFOPLIST_KEY_UIApplicationSceneManifest_Generation = YES;
				INFOPLIST_KEY_UIApplicationSupportsIndirectInputEvents = YES;
				INFOPLIST_KEY_UILaunchScreen_Generation = YES;
				INFOPLIST_KEY_UISupportedInterfaceOrientations_iPad = "UIInterfaceOrientationPortrait UIInterfaceOrientationPortraitUpsideDown UIInterfaceOrientationLandscapeLeft UIInterfaceOrientationLandscapeRight";
				INFOPLIST_KEY_UISupportedInterfaceOrientations_iPhone = "UIInterfaceOrientationPortrait UIInterfaceOrientationLandscapeLeft UIInterfaceOrientationLandscapeRight";
				LD_RUNPATH_SEARCH_PATHS = (
					"$(inherited)",
					"@executable_path/Frameworks",
				);
				MARKETING_VERSION = 1.0;
				PRODUCT_BUNDLE_IDENTIFIER = "com.ragingo.ios-samples.Sample013-List";
				PRODUCT_NAME = "$(TARGET_NAME)";
				SWIFT_EMIT_LOC_STRINGS = YES;
				SWIFT_VERSION = 5.0;
				TARGETED_DEVICE_FAMILY = "1,2";
			};
			name = Debug;
		};
		52D01DD6293DF00200103B11 /* Release */ = {
			isa = XCBuildConfiguration;
			buildSettings = {
				ASSETCATALOG_COMPILER_APPICON_NAME = AppIcon;
				ASSETCATALOG_COMPILER_GLOBAL_ACCENT_COLOR_NAME = AccentColor;
				CODE_SIGN_STYLE = Automatic;
				CURRENT_PROJECT_VERSION = 1;
				DEVELOPMENT_ASSET_PATHS = "\"Sample013-List/Preview Content\"";
				DEVELOPMENT_TEAM = "";
				ENABLE_PREVIEWS = YES;
				GENERATE_INFOPLIST_FILE = YES;
				INFOPLIST_KEY_UIApplicationSceneManifest_Generation = YES;
				INFOPLIST_KEY_UIApplicationSupportsIndirectInputEvents = YES;
				INFOPLIST_KEY_UILaunchScreen_Generation = YES;
				INFOPLIST_KEY_UISupportedInterfaceOrientations_iPad = "UIInterfaceOrientationPortrait UIInterfaceOrientationPortraitUpsideDown UIInterfaceOrientationLandscapeLeft UIInterfaceOrientationLandscapeRight";
				INFOPLIST_KEY_UISupportedInterfaceOrientations_iPhone = "UIInterfaceOrientationPortrait UIInterfaceOrientationLandscapeLeft UIInterfaceOrientationLandscapeRight";
				LD_RUNPATH_SEARCH_PATHS = (
					"$(inherited)",
					"@executable_path/Frameworks",
				);
				MARKETING_VERSION = 1.0;
				PRODUCT_BUNDLE_IDENTIFIER = "com.ragingo.ios-samples.Sample013-List";
				PRODUCT_NAME = "$(TARGET_NAME)";
				SWIFT_EMIT_LOC_STRINGS = YES;
				SWIFT_VERSION = 5.0;
				TARGETED_DEVICE_FAMILY = "1,2";
			};
			name = Release;
		};
/* End XCBuildConfiguration section */

/* Begin XCConfigurationList section */
		52D01DC1293DF00000103B11 /* Build configuration list for PBXProject "Sample013-List" */ = {
			isa = XCConfigurationList;
			buildConfigurations = (
				52D01DD2293DF00200103B11 /* Debug */,
				52D01DD3293DF00200103B11 /* Release */,
			);
			defaultConfigurationIsVisible = 0;
			defaultConfigurationName = Release;
		};
		52D01DD4293DF00200103B11 /* Build configuration list for PBXNativeTarget "Sample013-List" */ = {
			isa = XCConfigurationList;
			buildConfigurations = (
				52D01DD5293DF00200103B11 /* Debug */,
				52D01DD6293DF00200103B11 /* Release */,
			);
			defaultConfigurationIsVisible = 0;
			defaultConfigurationName = Release;
		};
/* End XCConfigurationList section */

/* Begin XCRemoteSwiftPackageReference section */
		52D01DDC293DF69000103B11 /* XCRemoteSwiftPackageReference "SwiftUI-Introspect" */ = {
			isa = XCRemoteSwiftPackageReference;
			repositoryURL = "https://github.com/siteline/SwiftUI-Introspect";
			requirement = {
				kind = upToNextMajorVersion;
				minimumVersion = 0.1.4;
			};
		};
/* End XCRemoteSwiftPackageReference section */

/* Begin XCSwiftPackageProductDependency section */
		52D01DDD293DF69000103B11 /* Introspect */ = {
			isa = XCSwiftPackageProductDependency;
			package = 52D01DDC293DF69000103B11 /* XCRemoteSwiftPackageReference "SwiftUI-Introspect" */;
			productName = Introspect;
		};
/* End XCSwiftPackageProductDependency section */
	};
	rootObject = 52D01DBE293DF00000103B11 /* Project object */;
}
