// !$*UTF8*$!
{
	archiveVersion = 1;
	classes = {
	};
	objectVersion = 55;
	objects = {

/* Begin PBXBuildFile section */
		52E169C227E63EDB0027F35F /* App.swift in Sources */ = {isa = PBXBuildFile; fileRef = 52E169C127E63EDB0027F35F /* App.swift */; };
		52E169C427E63EDB0027F35F /* ContentView.swift in Sources */ = {isa = PBXBuildFile; fileRef = 52E169C327E63EDB0027F35F /* ContentView.swift */; };
		52E169C627E63EDC0027F35F /* Assets.xcassets in Resources */ = {isa = PBXBuildFile; fileRef = 52E169C527E63EDC0027F35F /* Assets.xcassets */; };
		52E169C927E63EDC0027F35F /* Preview Assets.xcassets in Resources */ = {isa = PBXBuildFile; fileRef = 52E169C827E63EDC0027F35F /* Preview Assets.xcassets */; };
		52E169D227E640320027F35F /* ContentView.Previews.swift in Sources */ = {isa = PBXBuildFile; fileRef = 52E169D127E640320027F35F /* ContentView.Previews.swift */; };
		52E169D627E652620027F35F /* ARViewController.swift in Sources */ = {isa = PBXBuildFile; fileRef = 52E169D527E652620027F35F /* ARViewController.swift */; };
		52E169D827E76FA90027F35F /* EyeTracker.swift in Sources */ = {isa = PBXBuildFile; fileRef = 52E169D727E76FA90027F35F /* EyeTracker.swift */; };
		52E169DA27E794290027F35F /* Collection+Extensions.swift in Sources */ = {isa = PBXBuildFile; fileRef = 52E169D927E794290027F35F /* Collection+Extensions.swift */; };
		52E169DC27E7A5630027F35F /* SCNVector3+Extensions.swift in Sources */ = {isa = PBXBuildFile; fileRef = 52E169DB27E7A5630027F35F /* SCNVector3+Extensions.swift */; };
		52E169E027E878150027F35F /* Collections in Frameworks */ = {isa = PBXBuildFile; productRef = 52E169DF27E878150027F35F /* Collections */; };
		52E169E227E878150027F35F /* DequeModule in Frameworks */ = {isa = PBXBuildFile; productRef = 52E169E127E878150027F35F /* DequeModule */; };
/* End PBXBuildFile section */

/* Begin PBXFileReference section */
		52E169BE27E63EDB0027F35F /* Sample004-AR.app */ = {isa = PBXFileReference; explicitFileType = wrapper.application; includeInIndex = 0; path = "Sample004-AR.app"; sourceTree = BUILT_PRODUCTS_DIR; };
		52E169C127E63EDB0027F35F /* App.swift */ = {isa = PBXFileReference; lastKnownFileType = sourcecode.swift; path = App.swift; sourceTree = "<group>"; };
		52E169C327E63EDB0027F35F /* ContentView.swift */ = {isa = PBXFileReference; lastKnownFileType = sourcecode.swift; path = ContentView.swift; sourceTree = "<group>"; };
		52E169C527E63EDC0027F35F /* Assets.xcassets */ = {isa = PBXFileReference; lastKnownFileType = folder.assetcatalog; path = Assets.xcassets; sourceTree = "<group>"; };
		52E169C827E63EDC0027F35F /* Preview Assets.xcassets */ = {isa = PBXFileReference; lastKnownFileType = folder.assetcatalog; path = "Preview Assets.xcassets"; sourceTree = "<group>"; };
		52E169D127E640320027F35F /* ContentView.Previews.swift */ = {isa = PBXFileReference; lastKnownFileType = sourcecode.swift; path = ContentView.Previews.swift; sourceTree = "<group>"; };
		52E169D327E6485D0027F35F /* Info.plist */ = {isa = PBXFileReference; lastKnownFileType = text.plist; path = Info.plist; sourceTree = "<group>"; };
		52E169D527E652620027F35F /* ARViewController.swift */ = {isa = PBXFileReference; lastKnownFileType = sourcecode.swift; path = ARViewController.swift; sourceTree = "<group>"; };
		52E169D727E76FA90027F35F /* EyeTracker.swift */ = {isa = PBXFileReference; lastKnownFileType = sourcecode.swift; path = EyeTracker.swift; sourceTree = "<group>"; };
		52E169D927E794290027F35F /* Collection+Extensions.swift */ = {isa = PBXFileReference; lastKnownFileType = sourcecode.swift; path = "Collection+Extensions.swift"; sourceTree = "<group>"; };
		52E169DB27E7A5630027F35F /* SCNVector3+Extensions.swift */ = {isa = PBXFileReference; lastKnownFileType = sourcecode.swift; path = "SCNVector3+Extensions.swift"; sourceTree = "<group>"; };
/* End PBXFileReference section */

/* Begin PBXFrameworksBuildPhase section */
		52E169BB27E63EDB0027F35F /* Frameworks */ = {
			isa = PBXFrameworksBuildPhase;
			buildActionMask = 2147483647;
			files = (
				52E169E027E878150027F35F /* Collections in Frameworks */,
				52E169E227E878150027F35F /* DequeModule in Frameworks */,
			);
			runOnlyForDeploymentPostprocessing = 0;
		};
/* End PBXFrameworksBuildPhase section */

/* Begin PBXGroup section */
		52E169B527E63EDB0027F35F = {
			isa = PBXGroup;
			children = (
				52E169C027E63EDB0027F35F /* Sample004-AR */,
				52E169BF27E63EDB0027F35F /* Products */,
			);
			sourceTree = "<group>";
		};
		52E169BF27E63EDB0027F35F /* Products */ = {
			isa = PBXGroup;
			children = (
				52E169BE27E63EDB0027F35F /* Sample004-AR.app */,
			);
			name = Products;
			sourceTree = "<group>";
		};
		52E169C027E63EDB0027F35F /* Sample004-AR */ = {
			isa = PBXGroup;
			children = (
				52E169D327E6485D0027F35F /* Info.plist */,
				52E169CF27E63FE30027F35F /* Views */,
				52E169C127E63EDB0027F35F /* App.swift */,
				52E169D927E794290027F35F /* Collection+Extensions.swift */,
				52E169DB27E7A5630027F35F /* SCNVector3+Extensions.swift */,
				52E169C527E63EDC0027F35F /* Assets.xcassets */,
				52E169C727E63EDC0027F35F /* Preview Content */,
			);
			path = "Sample004-AR";
			sourceTree = "<group>";
		};
		52E169C727E63EDC0027F35F /* Preview Content */ = {
			isa = PBXGroup;
			children = (
				52E169C827E63EDC0027F35F /* Preview Assets.xcassets */,
			);
			path = "Preview Content";
			sourceTree = "<group>";
		};
		52E169CF27E63FE30027F35F /* Views */ = {
			isa = PBXGroup;
			children = (
				52E169D427E652570027F35F /* ARViewController */,
				52E169D027E640010027F35F /* ContentView */,
			);
			path = Views;
			sourceTree = "<group>";
		};
		52E169D027E640010027F35F /* ContentView */ = {
			isa = PBXGroup;
			children = (
				52E169C327E63EDB0027F35F /* ContentView.swift */,
				52E169D127E640320027F35F /* ContentView.Previews.swift */,
			);
			path = ContentView;
			sourceTree = "<group>";
		};
		52E169D427E652570027F35F /* ARViewController */ = {
			isa = PBXGroup;
			children = (
				52E169D527E652620027F35F /* ARViewController.swift */,
				52E169D727E76FA90027F35F /* EyeTracker.swift */,
			);
			path = ARViewController;
			sourceTree = "<group>";
		};
/* End PBXGroup section */

/* Begin PBXNativeTarget section */
		52E169BD27E63EDB0027F35F /* Sample004-AR */ = {
			isa = PBXNativeTarget;
			buildConfigurationList = 52E169CC27E63EDC0027F35F /* Build configuration list for PBXNativeTarget "Sample004-AR" */;
			buildPhases = (
				52E169BA27E63EDB0027F35F /* Sources */,
				52E169BB27E63EDB0027F35F /* Frameworks */,
				52E169BC27E63EDB0027F35F /* Resources */,
			);
			buildRules = (
			);
			dependencies = (
			);
			name = "Sample004-AR";
			packageProductDependencies = (
				52E169DF27E878150027F35F /* Collections */,
				52E169E127E878150027F35F /* DequeModule */,
			);
			productName = "Sample004-AR";
			productReference = 52E169BE27E63EDB0027F35F /* Sample004-AR.app */;
			productType = "com.apple.product-type.application";
		};
/* End PBXNativeTarget section */

/* Begin PBXProject section */
		52E169B627E63EDB0027F35F /* Project object */ = {
			isa = PBXProject;
			attributes = {
				BuildIndependentTargetsInParallel = 1;
				LastSwiftUpdateCheck = 1330;
				LastUpgradeCheck = 1330;
				TargetAttributes = {
					52E169BD27E63EDB0027F35F = {
						CreatedOnToolsVersion = 13.3;
					};
				};
			};
			buildConfigurationList = 52E169B927E63EDB0027F35F /* Build configuration list for PBXProject "Sample004-AR" */;
			compatibilityVersion = "Xcode 13.0";
			developmentRegion = en;
			hasScannedForEncodings = 0;
			knownRegions = (
				en,
				Base,
			);
			mainGroup = 52E169B527E63EDB0027F35F;
			packageReferences = (
				52E169DD27E8763F0027F35F /* XCRemoteSwiftPackageReference "swift-collections" */,
				52E169DE27E878150027F35F /* XCRemoteSwiftPackageReference "swift-collections" */,
			);
			productRefGroup = 52E169BF27E63EDB0027F35F /* Products */;
			projectDirPath = "";
			projectRoot = "";
			targets = (
				52E169BD27E63EDB0027F35F /* Sample004-AR */,
			);
		};
/* End PBXProject section */

/* Begin PBXResourcesBuildPhase section */
		52E169BC27E63EDB0027F35F /* Resources */ = {
			isa = PBXResourcesBuildPhase;
			buildActionMask = 2147483647;
			files = (
				52E169C927E63EDC0027F35F /* Preview Assets.xcassets in Resources */,
				52E169C627E63EDC0027F35F /* Assets.xcassets in Resources */,
			);
			runOnlyForDeploymentPostprocessing = 0;
		};
/* End PBXResourcesBuildPhase section */

/* Begin PBXSourcesBuildPhase section */
		52E169BA27E63EDB0027F35F /* Sources */ = {
			isa = PBXSourcesBuildPhase;
			buildActionMask = 2147483647;
			files = (
				52E169D227E640320027F35F /* ContentView.Previews.swift in Sources */,
				52E169C427E63EDB0027F35F /* ContentView.swift in Sources */,
				52E169D827E76FA90027F35F /* EyeTracker.swift in Sources */,
				52E169C227E63EDB0027F35F /* App.swift in Sources */,
				52E169D627E652620027F35F /* ARViewController.swift in Sources */,
				52E169DA27E794290027F35F /* Collection+Extensions.swift in Sources */,
				52E169DC27E7A5630027F35F /* SCNVector3+Extensions.swift in Sources */,
			);
			runOnlyForDeploymentPostprocessing = 0;
		};
/* End PBXSourcesBuildPhase section */

/* Begin XCBuildConfiguration section */
		52E169CA27E63EDC0027F35F /* Debug */ = {
			isa = XCBuildConfiguration;
			buildSettings = {
				ALWAYS_SEARCH_USER_PATHS = NO;
				CLANG_ANALYZER_NONNULL = YES;
				CLANG_ANALYZER_NUMBER_OBJECT_CONVERSION = YES_AGGRESSIVE;
				CLANG_CXX_LANGUAGE_STANDARD = "gnu++17";
				CLANG_ENABLE_MODULES = YES;
				CLANG_ENABLE_OBJC_ARC = YES;
				CLANG_ENABLE_OBJC_WEAK = YES;
				CLANG_WARN_BLOCK_CAPTURE_AUTORELEASING = YES;
				CLANG_WARN_BOOL_CONVERSION = YES;
				CLANG_WARN_COMMA = YES;
				CLANG_WARN_CONSTANT_CONVERSION = YES;
				CLANG_WARN_DEPRECATED_OBJC_IMPLEMENTATIONS = YES;
				CLANG_WARN_DIRECT_OBJC_ISA_USAGE = YES_ERROR;
				CLANG_WARN_DOCUMENTATION_COMMENTS = YES;
				CLANG_WARN_EMPTY_BODY = YES;
				CLANG_WARN_ENUM_CONVERSION = YES;
				CLANG_WARN_INFINITE_RECURSION = YES;
				CLANG_WARN_INT_CONVERSION = YES;
				CLANG_WARN_NON_LITERAL_NULL_CONVERSION = YES;
				CLANG_WARN_OBJC_IMPLICIT_RETAIN_SELF = YES;
				CLANG_WARN_OBJC_LITERAL_CONVERSION = YES;
				CLANG_WARN_OBJC_ROOT_CLASS = YES_ERROR;
				CLANG_WARN_QUOTED_INCLUDE_IN_FRAMEWORK_HEADER = YES;
				CLANG_WARN_RANGE_LOOP_ANALYSIS = YES;
				CLANG_WARN_STRICT_PROTOTYPES = YES;
				CLANG_WARN_SUSPICIOUS_MOVE = YES;
				CLANG_WARN_UNGUARDED_AVAILABILITY = YES_AGGRESSIVE;
				CLANG_WARN_UNREACHABLE_CODE = YES;
				CLANG_WARN__DUPLICATE_METHOD_MATCH = YES;
				COPY_PHASE_STRIP = NO;
				DEBUG_INFORMATION_FORMAT = dwarf;
				ENABLE_STRICT_OBJC_MSGSEND = YES;
				ENABLE_TESTABILITY = YES;
				GCC_C_LANGUAGE_STANDARD = gnu11;
				GCC_DYNAMIC_NO_PIC = NO;
				GCC_NO_COMMON_BLOCKS = YES;
				GCC_OPTIMIZATION_LEVEL = 0;
				GCC_PREPROCESSOR_DEFINITIONS = (
					"DEBUG=1",
					"$(inherited)",
				);
				GCC_WARN_64_TO_32_BIT_CONVERSION = YES;
				GCC_WARN_ABOUT_RETURN_TYPE = YES_ERROR;
				GCC_WARN_UNDECLARED_SELECTOR = YES;
				GCC_WARN_UNINITIALIZED_AUTOS = YES_AGGRESSIVE;
				GCC_WARN_UNUSED_FUNCTION = YES;
				GCC_WARN_UNUSED_VARIABLE = YES;
				IPHONEOS_DEPLOYMENT_TARGET = 14.0;
				MTL_ENABLE_DEBUG_INFO = INCLUDE_SOURCE;
				MTL_FAST_MATH = YES;
				ONLY_ACTIVE_ARCH = YES;
				SDKROOT = iphoneos;
				SWIFT_ACTIVE_COMPILATION_CONDITIONS = DEBUG;
				SWIFT_OPTIMIZATION_LEVEL = "-Onone";
			};
			name = Debug;
		};
		52E169CB27E63EDC0027F35F /* Release */ = {
			isa = XCBuildConfiguration;
			buildSettings = {
				ALWAYS_SEARCH_USER_PATHS = NO;
				CLANG_ANALYZER_NONNULL = YES;
				CLANG_ANALYZER_NUMBER_OBJECT_CONVERSION = YES_AGGRESSIVE;
				CLANG_CXX_LANGUAGE_STANDARD = "gnu++17";
				CLANG_ENABLE_MODULES = YES;
				CLANG_ENABLE_OBJC_ARC = YES;
				CLANG_ENABLE_OBJC_WEAK = YES;
				CLANG_WARN_BLOCK_CAPTURE_AUTORELEASING = YES;
				CLANG_WARN_BOOL_CONVERSION = YES;
				CLANG_WARN_COMMA = YES;
				CLANG_WARN_CONSTANT_CONVERSION = YES;
				CLANG_WARN_DEPRECATED_OBJC_IMPLEMENTATIONS = YES;
				CLANG_WARN_DIRECT_OBJC_ISA_USAGE = YES_ERROR;
				CLANG_WARN_DOCUMENTATION_COMMENTS = YES;
				CLANG_WARN_EMPTY_BODY = YES;
				CLANG_WARN_ENUM_CONVERSION = YES;
				CLANG_WARN_INFINITE_RECURSION = YES;
				CLANG_WARN_INT_CONVERSION = YES;
				CLANG_WARN_NON_LITERAL_NULL_CONVERSION = YES;
				CLANG_WARN_OBJC_IMPLICIT_RETAIN_SELF = YES;
				CLANG_WARN_OBJC_LITERAL_CONVERSION = YES;
				CLANG_WARN_OBJC_ROOT_CLASS = YES_ERROR;
				CLANG_WARN_QUOTED_INCLUDE_IN_FRAMEWORK_HEADER = YES;
				CLANG_WARN_RANGE_LOOP_ANALYSIS = YES;
				CLANG_WARN_STRICT_PROTOTYPES = YES;
				CLANG_WARN_SUSPICIOUS_MOVE = YES;
				CLANG_WARN_UNGUARDED_AVAILABILITY = YES_AGGRESSIVE;
				CLANG_WARN_UNREACHABLE_CODE = YES;
				CLANG_WARN__DUPLICATE_METHOD_MATCH = YES;
				COPY_PHASE_STRIP = NO;
				DEBUG_INFORMATION_FORMAT = "dwarf-with-dsym";
				ENABLE_NS_ASSERTIONS = NO;
				ENABLE_STRICT_OBJC_MSGSEND = YES;
				GCC_C_LANGUAGE_STANDARD = gnu11;
				GCC_NO_COMMON_BLOCKS = YES;
				GCC_WARN_64_TO_32_BIT_CONVERSION = YES;
				GCC_WARN_ABOUT_RETURN_TYPE = YES_ERROR;
				GCC_WARN_UNDECLARED_SELECTOR = YES;
				GCC_WARN_UNINITIALIZED_AUTOS = YES_AGGRESSIVE;
				GCC_WARN_UNUSED_FUNCTION = YES;
				GCC_WARN_UNUSED_VARIABLE = YES;
				IPHONEOS_DEPLOYMENT_TARGET = 14.0;
				MTL_ENABLE_DEBUG_INFO = NO;
				MTL_FAST_MATH = YES;
				SDKROOT = iphoneos;
				SWIFT_COMPILATION_MODE = wholemodule;
				SWIFT_OPTIMIZATION_LEVEL = "-O";
				VALIDATE_PRODUCT = YES;
			};
			name = Release;
		};
		52E169CD27E63EDC0027F35F /* Debug */ = {
			isa = XCBuildConfiguration;
			buildSettings = {
				ASSETCATALOG_COMPILER_APPICON_NAME = AppIcon;
				ASSETCATALOG_COMPILER_GLOBAL_ACCENT_COLOR_NAME = AccentColor;
				CODE_SIGN_STYLE = Automatic;
				CURRENT_PROJECT_VERSION = 1;
				DEVELOPMENT_ASSET_PATHS = "\"Sample004-AR/Preview Content\"";
				DEVELOPMENT_TEAM = W8439G23NQ;
				ENABLE_PREVIEWS = YES;
				GENERATE_INFOPLIST_FILE = YES;
				INFOPLIST_FILE = "Sample004-AR/Info.plist";
				INFOPLIST_KEY_NSCameraUsageDescription = "ARを使います";
				INFOPLIST_KEY_UIApplicationSceneManifest_Generation = YES;
				INFOPLIST_KEY_UIApplicationSupportsIndirectInputEvents = YES;
				INFOPLIST_KEY_UILaunchScreen_Generation = YES;
				INFOPLIST_KEY_UISupportedInterfaceOrientations_iPad = "UIInterfaceOrientationPortrait UIInterfaceOrientationPortraitUpsideDown UIInterfaceOrientationLandscapeLeft UIInterfaceOrientationLandscapeRight";
				INFOPLIST_KEY_UISupportedInterfaceOrientations_iPhone = "UIInterfaceOrientationPortrait UIInterfaceOrientationLandscapeLeft UIInterfaceOrientationLandscapeRight";
				LD_RUNPATH_SEARCH_PATHS = (
					"$(inherited)",
					"@executable_path/Frameworks",
				);
				MARKETING_VERSION = 1.0;
				PRODUCT_BUNDLE_IDENTIFIER = "com.ragingo.ios-samples.Sample004-AR";
				PRODUCT_NAME = "$(TARGET_NAME)";
				SWIFT_EMIT_LOC_STRINGS = YES;
				SWIFT_VERSION = 5.0;
				TARGETED_DEVICE_FAMILY = "1,2";
			};
			name = Debug;
		};
		52E169CE27E63EDC0027F35F /* Release */ = {
			isa = XCBuildConfiguration;
			buildSettings = {
				ASSETCATALOG_COMPILER_APPICON_NAME = AppIcon;
				ASSETCATALOG_COMPILER_GLOBAL_ACCENT_COLOR_NAME = AccentColor;
				CODE_SIGN_STYLE = Automatic;
				CURRENT_PROJECT_VERSION = 1;
				DEVELOPMENT_ASSET_PATHS = "\"Sample004-AR/Preview Content\"";
				DEVELOPMENT_TEAM = W8439G23NQ;
				ENABLE_PREVIEWS = YES;
				GENERATE_INFOPLIST_FILE = YES;
				INFOPLIST_FILE = "Sample004-AR/Info.plist";
				INFOPLIST_KEY_NSCameraUsageDescription = "ARを使います";
				INFOPLIST_KEY_UIApplicationSceneManifest_Generation = YES;
				INFOPLIST_KEY_UIApplicationSupportsIndirectInputEvents = YES;
				INFOPLIST_KEY_UILaunchScreen_Generation = YES;
				INFOPLIST_KEY_UISupportedInterfaceOrientations_iPad = "UIInterfaceOrientationPortrait UIInterfaceOrientationPortraitUpsideDown UIInterfaceOrientationLandscapeLeft UIInterfaceOrientationLandscapeRight";
				INFOPLIST_KEY_UISupportedInterfaceOrientations_iPhone = "UIInterfaceOrientationPortrait UIInterfaceOrientationLandscapeLeft UIInterfaceOrientationLandscapeRight";
				LD_RUNPATH_SEARCH_PATHS = (
					"$(inherited)",
					"@executable_path/Frameworks",
				);
				MARKETING_VERSION = 1.0;
				PRODUCT_BUNDLE_IDENTIFIER = "com.ragingo.ios-samples.Sample004-AR";
				PRODUCT_NAME = "$(TARGET_NAME)";
				SWIFT_EMIT_LOC_STRINGS = YES;
				SWIFT_VERSION = 5.0;
				TARGETED_DEVICE_FAMILY = "1,2";
			};
			name = Release;
		};
/* End XCBuildConfiguration section */

/* Begin XCConfigurationList section */
		52E169B927E63EDB0027F35F /* Build configuration list for PBXProject "Sample004-AR" */ = {
			isa = XCConfigurationList;
			buildConfigurations = (
				52E169CA27E63EDC0027F35F /* Debug */,
				52E169CB27E63EDC0027F35F /* Release */,
			);
			defaultConfigurationIsVisible = 0;
			defaultConfigurationName = Release;
		};
		52E169CC27E63EDC0027F35F /* Build configuration list for PBXNativeTarget "Sample004-AR" */ = {
			isa = XCConfigurationList;
			buildConfigurations = (
				52E169CD27E63EDC0027F35F /* Debug */,
				52E169CE27E63EDC0027F35F /* Release */,
			);
			defaultConfigurationIsVisible = 0;
			defaultConfigurationName = Release;
		};
/* End XCConfigurationList section */

/* Begin XCRemoteSwiftPackageReference section */
		52E169DD27E8763F0027F35F /* XCRemoteSwiftPackageReference "swift-collections" */ = {
			isa = XCRemoteSwiftPackageReference;
			repositoryURL = "https://github.com/apple/swift-collections.git";
			requirement = {
				kind = upToNextMinorVersion;
				minimumVersion = 1.0.0;
			};
		};
		52E169DE27E878150027F35F /* XCRemoteSwiftPackageReference "swift-collections" */ = {
			isa = XCRemoteSwiftPackageReference;
			repositoryURL = "https://github.com/apple/swift-collections.git";
			requirement = {
				kind = upToNextMajorVersion;
				minimumVersion = 1.0.0;
			};
		};
/* End XCRemoteSwiftPackageReference section */

/* Begin XCSwiftPackageProductDependency section */
		52E169DF27E878150027F35F /* Collections */ = {
			isa = XCSwiftPackageProductDependency;
			package = 52E169DE27E878150027F35F /* XCRemoteSwiftPackageReference "swift-collections" */;
			productName = Collections;
		};
		52E169E127E878150027F35F /* DequeModule */ = {
			isa = XCSwiftPackageProductDependency;
			package = 52E169DE27E878150027F35F /* XCRemoteSwiftPackageReference "swift-collections" */;
			productName = DequeModule;
		};
/* End XCSwiftPackageProductDependency section */
	};
	rootObject = 52E169B627E63EDB0027F35F /* Project object */;
}
