// !$*UTF8*$!
{
	archiveVersion = 1;
	classes = {
	};
	objectVersion = 55;
	objects = {

/* Begin PBXBuildFile section */
		450DDB81285CD9B4001B4897 /* Sample005_ChartsApp.swift in Sources */ = {isa = PBXBuildFile; fileRef = 450DDB71285CD9B1001B4897 /* Sample005_ChartsApp.swift */; };
		450DDB82285CD9B4001B4897 /* Sample005_ChartsApp.swift in Sources */ = {isa = PBXBuildFile; fileRef = 450DDB71285CD9B1001B4897 /* Sample005_ChartsApp.swift */; };
		450DDB83285CD9B4001B4897 /* ScratchChartSampleView.swift in Sources */ = {isa = PBXBuildFile; fileRef = 450DDB72285CD9B1001B4897 /* ScratchChartSampleView.swift */; };
		450DDB84285CD9B4001B4897 /* ScratchChartSampleView.swift in Sources */ = {isa = PBXBuildFile; fileRef = 450DDB72285CD9B1001B4897 /* ScratchChartSampleView.swift */; };
		450DDB85285CD9B4001B4897 /* Assets.xcassets in Resources */ = {isa = PBXBuildFile; fileRef = 450DDB73285CD9B4001B4897 /* Assets.xcassets */; };
		450DDB86285CD9B4001B4897 /* Assets.xcassets in Resources */ = {isa = PBXBuildFile; fileRef = 450DDB73285CD9B4001B4897 /* Assets.xcassets */; };
		5279DD2C2A3DF5EC00A9F643 /* RootView.swift in Sources */ = {isa = PBXBuildFile; fileRef = 5279DD2B2A3DF5EC00A9F643 /* RootView.swift */; };
		5279DD2D2A3DF5EC00A9F643 /* RootView.swift in Sources */ = {isa = PBXBuildFile; fileRef = 5279DD2B2A3DF5EC00A9F643 /* RootView.swift */; };
		5279DD2F2A3DF6AB00A9F643 /* SwiftUIChartsSampleView.swift in Sources */ = {isa = PBXBuildFile; fileRef = 5279DD2E2A3DF6AB00A9F643 /* SwiftUIChartsSampleView.swift */; };
		5279DD302A3DF6AB00A9F643 /* SwiftUIChartsSampleView.swift in Sources */ = {isa = PBXBuildFile; fileRef = 5279DD2E2A3DF6AB00A9F643 /* SwiftUIChartsSampleView.swift */; };
/* End PBXBuildFile section */

/* Begin PBXFileReference section */
		450DDB71285CD9B1001B4897 /* Sample005_ChartsApp.swift */ = {isa = PBXFileReference; lastKnownFileType = sourcecode.swift; path = Sample005_ChartsApp.swift; sourceTree = "<group>"; };
		450DDB72285CD9B1001B4897 /* ScratchChartSampleView.swift */ = {isa = PBXFileReference; lastKnownFileType = sourcecode.swift; path = ScratchChartSampleView.swift; sourceTree = "<group>"; };
		450DDB73285CD9B4001B4897 /* Assets.xcassets */ = {isa = PBXFileReference; lastKnownFileType = folder.assetcatalog; path = Assets.xcassets; sourceTree = "<group>"; };
		450DDB78285CD9B4001B4897 /* Sample005-Charts.app */ = {isa = PBXFileReference; explicitFileType = wrapper.application; includeInIndex = 0; path = "Sample005-Charts.app"; sourceTree = BUILT_PRODUCTS_DIR; };
		450DDB7E285CD9B4001B4897 /* Sample005-Charts.app */ = {isa = PBXFileReference; explicitFileType = wrapper.application; includeInIndex = 0; path = "Sample005-Charts.app"; sourceTree = BUILT_PRODUCTS_DIR; };
		450DDB80285CD9B4001B4897 /* macOS.entitlements */ = {isa = PBXFileReference; lastKnownFileType = text.plist.entitlements; path = macOS.entitlements; sourceTree = "<group>"; };
		5279DD2B2A3DF5EC00A9F643 /* RootView.swift */ = {isa = PBXFileReference; lastKnownFileType = sourcecode.swift; path = RootView.swift; sourceTree = "<group>"; };
		5279DD2E2A3DF6AB00A9F643 /* SwiftUIChartsSampleView.swift */ = {isa = PBXFileReference; lastKnownFileType = sourcecode.swift; path = SwiftUIChartsSampleView.swift; sourceTree = "<group>"; };
/* End PBXFileReference section */

/* Begin PBXFrameworksBuildPhase section */
		450DDB75285CD9B4001B4897 /* Frameworks */ = {
			isa = PBXFrameworksBuildPhase;
			buildActionMask = 2147483647;
			files = (
			);
			runOnlyForDeploymentPostprocessing = 0;
		};
		450DDB7B285CD9B4001B4897 /* Frameworks */ = {
			isa = PBXFrameworksBuildPhase;
			buildActionMask = 2147483647;
			files = (
			);
			runOnlyForDeploymentPostprocessing = 0;
		};
/* End PBXFrameworksBuildPhase section */

/* Begin PBXGroup section */
		450DDB6B285CD9B1001B4897 = {
			isa = PBXGroup;
			children = (
				450DDB70285CD9B1001B4897 /* Shared */,
				450DDB7F285CD9B4001B4897 /* macOS */,
				450DDB79285CD9B4001B4897 /* Products */,
			);
			sourceTree = "<group>";
		};
		450DDB70285CD9B1001B4897 /* Shared */ = {
			isa = PBXGroup;
			children = (
				450DDB73285CD9B4001B4897 /* Assets.xcassets */,
				5279DD2B2A3DF5EC00A9F643 /* RootView.swift */,
				450DDB71285CD9B1001B4897 /* Sample005_ChartsApp.swift */,
				450DDB72285CD9B1001B4897 /* ScratchChartSampleView.swift */,
				5279DD2E2A3DF6AB00A9F643 /* SwiftUIChartsSampleView.swift */,
			);
			path = Shared;
			sourceTree = "<group>";
		};
		450DDB79285CD9B4001B4897 /* Products */ = {
			isa = PBXGroup;
			children = (
				450DDB78285CD9B4001B4897 /* Sample005-Charts.app */,
				450DDB7E285CD9B4001B4897 /* Sample005-Charts.app */,
			);
			name = Products;
			sourceTree = "<group>";
		};
		450DDB7F285CD9B4001B4897 /* macOS */ = {
			isa = PBXGroup;
			children = (
				450DDB80285CD9B4001B4897 /* macOS.entitlements */,
			);
			path = macOS;
			sourceTree = "<group>";
		};
/* End PBXGroup section */

/* Begin PBXNativeTarget section */
		450DDB77285CD9B4001B4897 /* Sample005-Charts (iOS) */ = {
			isa = PBXNativeTarget;
			buildConfigurationList = 450DDB89285CD9B4001B4897 /* Build configuration list for PBXNativeTarget "Sample005-Charts (iOS)" */;
			buildPhases = (
				450DDB74285CD9B4001B4897 /* Sources */,
				450DDB75285CD9B4001B4897 /* Frameworks */,
				450DDB76285CD9B4001B4897 /* Resources */,
			);
			buildRules = (
			);
			dependencies = (
			);
			name = "Sample005-Charts (iOS)";
			productName = "Sample005-Charts (iOS)";
			productReference = 450DDB78285CD9B4001B4897 /* Sample005-Charts.app */;
			productType = "com.apple.product-type.application";
		};
		450DDB7D285CD9B4001B4897 /* Sample005-Charts (macOS) */ = {
			isa = PBXNativeTarget;
			buildConfigurationList = 450DDB8C285CD9B4001B4897 /* Build configuration list for PBXNativeTarget "Sample005-Charts (macOS)" */;
			buildPhases = (
				450DDB7A285CD9B4001B4897 /* Sources */,
				450DDB7B285CD9B4001B4897 /* Frameworks */,
				450DDB7C285CD9B4001B4897 /* Resources */,
			);
			buildRules = (
			);
			dependencies = (
			);
			name = "Sample005-Charts (macOS)";
			productName = "Sample005-Charts (macOS)";
			productReference = 450DDB7E285CD9B4001B4897 /* Sample005-Charts.app */;
			productType = "com.apple.product-type.application";
		};
/* End PBXNativeTarget section */

/* Begin PBXProject section */
		450DDB6C285CD9B1001B4897 /* Project object */ = {
			isa = PBXProject;
			attributes = {
				BuildIndependentTargetsInParallel = 1;
				LastSwiftUpdateCheck = 1340;
				LastUpgradeCheck = 1340;
				TargetAttributes = {
					450DDB77285CD9B4001B4897 = {
						CreatedOnToolsVersion = 13.4;
					};
					450DDB7D285CD9B4001B4897 = {
						CreatedOnToolsVersion = 13.4;
					};
				};
			};
			buildConfigurationList = 450DDB6F285CD9B1001B4897 /* Build configuration list for PBXProject "Sample005-Charts" */;
			compatibilityVersion = "Xcode 13.0";
			developmentRegion = en;
			hasScannedForEncodings = 0;
			knownRegions = (
				en,
				Base,
			);
			mainGroup = 450DDB6B285CD9B1001B4897;
			productRefGroup = 450DDB79285CD9B4001B4897 /* Products */;
			projectDirPath = "";
			projectRoot = "";
			targets = (
				450DDB77285CD9B4001B4897 /* Sample005-Charts (iOS) */,
				450DDB7D285CD9B4001B4897 /* Sample005-Charts (macOS) */,
			);
		};
/* End PBXProject section */

/* Begin PBXResourcesBuildPhase section */
		450DDB76285CD9B4001B4897 /* Resources */ = {
			isa = PBXResourcesBuildPhase;
			buildActionMask = 2147483647;
			files = (
				450DDB85285CD9B4001B4897 /* Assets.xcassets in Resources */,
			);
			runOnlyForDeploymentPostprocessing = 0;
		};
		450DDB7C285CD9B4001B4897 /* Resources */ = {
			isa = PBXResourcesBuildPhase;
			buildActionMask = 2147483647;
			files = (
				450DDB86285CD9B4001B4897 /* Assets.xcassets in Resources */,
			);
			runOnlyForDeploymentPostprocessing = 0;
		};
/* End PBXResourcesBuildPhase section */

/* Begin PBXSourcesBuildPhase section */
		450DDB74285CD9B4001B4897 /* Sources */ = {
			isa = PBXSourcesBuildPhase;
			buildActionMask = 2147483647;
			files = (
				450DDB83285CD9B4001B4897 /* ScratchChartSampleView.swift in Sources */,
				5279DD2F2A3DF6AB00A9F643 /* SwiftUIChartsSampleView.swift in Sources */,
				450DDB81285CD9B4001B4897 /* Sample005_ChartsApp.swift in Sources */,
				5279DD2C2A3DF5EC00A9F643 /* RootView.swift in Sources */,
			);
			runOnlyForDeploymentPostprocessing = 0;
		};
		450DDB7A285CD9B4001B4897 /* Sources */ = {
			isa = PBXSourcesBuildPhase;
			buildActionMask = 2147483647;
			files = (
				450DDB84285CD9B4001B4897 /* ScratchChartSampleView.swift in Sources */,
				5279DD302A3DF6AB00A9F643 /* SwiftUIChartsSampleView.swift in Sources */,
				450DDB82285CD9B4001B4897 /* Sample005_ChartsApp.swift in Sources */,
				5279DD2D2A3DF5EC00A9F643 /* RootView.swift in Sources */,
			);
			runOnlyForDeploymentPostprocessing = 0;
		};
/* End PBXSourcesBuildPhase section */

/* Begin XCBuildConfiguration section */
		450DDB87285CD9B4001B4897 /* Debug */ = {
			isa = XCBuildConfiguration;
			buildSettings = {
				ALWAYS_SEARCH_USER_PATHS = NO;
				CLANG_ANALYZER_NONNULL = YES;
				CLANG_ANALYZER_NUMBER_OBJECT_CONVERSION = YES_AGGRESSIVE;
				CLANG_CXX_LANGUAGE_STANDARD = "gnu++17";
				CLANG_ENABLE_MODULES = YES;
				CLANG_ENABLE_OBJC_ARC = YES;
				CLANG_ENABLE_OBJC_WEAK = YES;
				CLANG_WARN_BLOCK_CAPTURE_AUTORELEASING = YES;
				CLANG_WARN_BOOL_CONVERSION = YES;
				CLANG_WARN_COMMA = YES;
				CLANG_WARN_CONSTANT_CONVERSION = YES;
				CLANG_WARN_DEPRECATED_OBJC_IMPLEMENTATIONS = YES;
				CLANG_WARN_DIRECT_OBJC_ISA_USAGE = YES_ERROR;
				CLANG_WARN_DOCUMENTATION_COMMENTS = YES;
				CLANG_WARN_EMPTY_BODY = YES;
				CLANG_WARN_ENUM_CONVERSION = YES;
				CLANG_WARN_INFINITE_RECURSION = YES;
				CLANG_WARN_INT_CONVERSION = YES;
				CLANG_WARN_NON_LITERAL_NULL_CONVERSION = YES;
				CLANG_WARN_OBJC_IMPLICIT_RETAIN_SELF = YES;
				CLANG_WARN_OBJC_LITERAL_CONVERSION = YES;
				CLANG_WARN_OBJC_ROOT_CLASS = YES_ERROR;
				CLANG_WARN_QUOTED_INCLUDE_IN_FRAMEWORK_HEADER = YES;
				CLANG_WARN_RANGE_LOOP_ANALYSIS = YES;
				CLANG_WARN_STRICT_PROTOTYPES = YES;
				CLANG_WARN_SUSPICIOUS_MOVE = YES;
				CLANG_WARN_UNGUARDED_AVAILABILITY = YES_AGGRESSIVE;
				CLANG_WARN_UNREACHABLE_CODE = YES;
				CLANG_WARN__DUPLICATE_METHOD_MATCH = YES;
				COPY_PHASE_STRIP = NO;
				DEBUG_INFORMATION_FORMAT = dwarf;
				ENABLE_STRICT_OBJC_MSGSEND = YES;
				ENABLE_TESTABILITY = YES;
				GCC_C_LANGUAGE_STANDARD = gnu11;
				GCC_DYNAMIC_NO_PIC = NO;
				GCC_NO_COMMON_BLOCKS = YES;
				GCC_OPTIMIZATION_LEVEL = 0;
				GCC_PREPROCESSOR_DEFINITIONS = (
					"DEBUG=1",
					"$(inherited)",
				);
				GCC_WARN_64_TO_32_BIT_CONVERSION = YES;
				GCC_WARN_ABOUT_RETURN_TYPE = YES_ERROR;
				GCC_WARN_UNDECLARED_SELECTOR = YES;
				GCC_WARN_UNINITIALIZED_AUTOS = YES_AGGRESSIVE;
				GCC_WARN_UNUSED_FUNCTION = YES;
				GCC_WARN_UNUSED_VARIABLE = YES;
				IPHONEOS_DEPLOYMENT_TARGET = 16.0;
				MACOSX_DEPLOYMENT_TARGET = 13.5;
				MTL_ENABLE_DEBUG_INFO = INCLUDE_SOURCE;
				MTL_FAST_MATH = YES;
				ONLY_ACTIVE_ARCH = YES;
				SWIFT_ACTIVE_COMPILATION_CONDITIONS = DEBUG;
				SWIFT_OPTIMIZATION_LEVEL = "-Onone";
			};
			name = Debug;
		};
		450DDB88285CD9B4001B4897 /* Release */ = {
			isa = XCBuildConfiguration;
			buildSettings = {
				ALWAYS_SEARCH_USER_PATHS = NO;
				CLANG_ANALYZER_NONNULL = YES;
				CLANG_ANALYZER_NUMBER_OBJECT_CONVERSION = YES_AGGRESSIVE;
				CLANG_CXX_LANGUAGE_STANDARD = "gnu++17";
				CLANG_ENABLE_MODULES = YES;
				CLANG_ENABLE_OBJC_ARC = YES;
				CLANG_ENABLE_OBJC_WEAK = YES;
				CLANG_WARN_BLOCK_CAPTURE_AUTORELEASING = YES;
				CLANG_WARN_BOOL_CONVERSION = YES;
				CLANG_WARN_COMMA = YES;
				CLANG_WARN_CONSTANT_CONVERSION = YES;
				CLANG_WARN_DEPRECATED_OBJC_IMPLEMENTATIONS = YES;
				CLANG_WARN_DIRECT_OBJC_ISA_USAGE = YES_ERROR;
				CLANG_WARN_DOCUMENTATION_COMMENTS = YES;
				CLANG_WARN_EMPTY_BODY = YES;
				CLANG_WARN_ENUM_CONVERSION = YES;
				CLANG_WARN_INFINITE_RECURSION = YES;
				CLANG_WARN_INT_CONVERSION = YES;
				CLANG_WARN_NON_LITERAL_NULL_CONVERSION = YES;
				CLANG_WARN_OBJC_IMPLICIT_RETAIN_SELF = YES;
				CLANG_WARN_OBJC_LITERAL_CONVERSION = YES;
				CLANG_WARN_OBJC_ROOT_CLASS = YES_ERROR;
				CLANG_WARN_QUOTED_INCLUDE_IN_FRAMEWORK_HEADER = YES;
				CLANG_WARN_RANGE_LOOP_ANALYSIS = YES;
				CLANG_WARN_STRICT_PROTOTYPES = YES;
				CLANG_WARN_SUSPICIOUS_MOVE = YES;
				CLANG_WARN_UNGUARDED_AVAILABILITY = YES_AGGRESSIVE;
				CLANG_WARN_UNREACHABLE_CODE = YES;
				CLANG_WARN__DUPLICATE_METHOD_MATCH = YES;
				COPY_PHASE_STRIP = NO;
				DEBUG_INFORMATION_FORMAT = "dwarf-with-dsym";
				ENABLE_NS_ASSERTIONS = NO;
				ENABLE_STRICT_OBJC_MSGSEND = YES;
				GCC_C_LANGUAGE_STANDARD = gnu11;
				GCC_NO_COMMON_BLOCKS = YES;
				GCC_WARN_64_TO_32_BIT_CONVERSION = YES;
				GCC_WARN_ABOUT_RETURN_TYPE = YES_ERROR;
				GCC_WARN_UNDECLARED_SELECTOR = YES;
				GCC_WARN_UNINITIALIZED_AUTOS = YES_AGGRESSIVE;
				GCC_WARN_UNUSED_FUNCTION = YES;
				GCC_WARN_UNUSED_VARIABLE = YES;
				IPHONEOS_DEPLOYMENT_TARGET = 16.0;
				MACOSX_DEPLOYMENT_TARGET = 13.5;
				MTL_ENABLE_DEBUG_INFO = NO;
				MTL_FAST_MATH = YES;
				SWIFT_COMPILATION_MODE = wholemodule;
				SWIFT_OPTIMIZATION_LEVEL = "-O";
			};
			name = Release;
		};
		450DDB8A285CD9B4001B4897 /* Debug */ = {
			isa = XCBuildConfiguration;
			buildSettings = {
				ASSETCATALOG_COMPILER_APPICON_NAME = AppIcon;
				ASSETCATALOG_COMPILER_GLOBAL_ACCENT_COLOR_NAME = AccentColor;
				CODE_SIGN_STYLE = Automatic;
				CURRENT_PROJECT_VERSION = 1;
				ENABLE_PREVIEWS = YES;
				GENERATE_INFOPLIST_FILE = YES;
				INFOPLIST_KEY_UIApplicationSceneManifest_Generation = YES;
				INFOPLIST_KEY_UIApplicationSupportsIndirectInputEvents = YES;
				INFOPLIST_KEY_UILaunchScreen_Generation = YES;
				INFOPLIST_KEY_UISupportedInterfaceOrientations_iPad = "UIInterfaceOrientationPortrait UIInterfaceOrientationPortraitUpsideDown UIInterfaceOrientationLandscapeLeft UIInterfaceOrientationLandscapeRight";
				INFOPLIST_KEY_UISupportedInterfaceOrientations_iPhone = "UIInterfaceOrientationPortrait UIInterfaceOrientationLandscapeLeft UIInterfaceOrientationLandscapeRight";
				LD_RUNPATH_SEARCH_PATHS = (
					"$(inherited)",
					"@executable_path/Frameworks",
				);
				MARKETING_VERSION = 1.0;
				PRODUCT_BUNDLE_IDENTIFIER = "com.ragingo.ios-samples.Sample005-Charts";
				PRODUCT_NAME = "Sample005-Charts";
				SDKROOT = iphoneos;
				SWIFT_EMIT_LOC_STRINGS = YES;
				SWIFT_VERSION = 5.0;
				TARGETED_DEVICE_FAMILY = "1,2";
			};
			name = Debug;
		};
		450DDB8B285CD9B4001B4897 /* Release */ = {
			isa = XCBuildConfiguration;
			buildSettings = {
				ASSETCATALOG_COMPILER_APPICON_NAME = AppIcon;
				ASSETCATALOG_COMPILER_GLOBAL_ACCENT_COLOR_NAME = AccentColor;
				CODE_SIGN_STYLE = Automatic;
				CURRENT_PROJECT_VERSION = 1;
				ENABLE_PREVIEWS = YES;
				GENERATE_INFOPLIST_FILE = YES;
				INFOPLIST_KEY_UIApplicationSceneManifest_Generation = YES;
				INFOPLIST_KEY_UIApplicationSupportsIndirectInputEvents = YES;
				INFOPLIST_KEY_UILaunchScreen_Generation = YES;
				INFOPLIST_KEY_UISupportedInterfaceOrientations_iPad = "UIInterfaceOrientationPortrait UIInterfaceOrientationPortraitUpsideDown UIInterfaceOrientationLandscapeLeft UIInterfaceOrientationLandscapeRight";
				INFOPLIST_KEY_UISupportedInterfaceOrientations_iPhone = "UIInterfaceOrientationPortrait UIInterfaceOrientationLandscapeLeft UIInterfaceOrientationLandscapeRight";
				LD_RUNPATH_SEARCH_PATHS = (
					"$(inherited)",
					"@executable_path/Frameworks",
				);
				MARKETING_VERSION = 1.0;
				PRODUCT_BUNDLE_IDENTIFIER = "com.ragingo.ios-samples.Sample005-Charts";
				PRODUCT_NAME = "Sample005-Charts";
				SDKROOT = iphoneos;
				SWIFT_EMIT_LOC_STRINGS = YES;
				SWIFT_VERSION = 5.0;
				TARGETED_DEVICE_FAMILY = "1,2";
				VALIDATE_PRODUCT = YES;
			};
			name = Release;
		};
		450DDB8D285CD9B4001B4897 /* Debug */ = {
			isa = XCBuildConfiguration;
			buildSettings = {
				ASSETCATALOG_COMPILER_APPICON_NAME = AppIcon;
				ASSETCATALOG_COMPILER_GLOBAL_ACCENT_COLOR_NAME = AccentColor;
				CODE_SIGN_ENTITLEMENTS = macOS/macOS.entitlements;
				CODE_SIGN_STYLE = Automatic;
				COMBINE_HIDPI_IMAGES = YES;
				CURRENT_PROJECT_VERSION = 1;
				ENABLE_PREVIEWS = YES;
				GENERATE_INFOPLIST_FILE = YES;
				INFOPLIST_KEY_NSHumanReadableCopyright = "";
				LD_RUNPATH_SEARCH_PATHS = (
					"$(inherited)",
					"@executable_path/../Frameworks",
				);
				MARKETING_VERSION = 1.0;
				PRODUCT_BUNDLE_IDENTIFIER = "com.ragingo.ios-samples.Sample005-Charts";
				PRODUCT_NAME = "Sample005-Charts";
				SDKROOT = macosx;
				SWIFT_EMIT_LOC_STRINGS = YES;
				SWIFT_VERSION = 5.0;
			};
			name = Debug;
		};
		450DDB8E285CD9B4001B4897 /* Release */ = {
			isa = XCBuildConfiguration;
			buildSettings = {
				ASSETCATALOG_COMPILER_APPICON_NAME = AppIcon;
				ASSETCATALOG_COMPILER_GLOBAL_ACCENT_COLOR_NAME = AccentColor;
				CODE_SIGN_ENTITLEMENTS = macOS/macOS.entitlements;
				CODE_SIGN_STYLE = Automatic;
				COMBINE_HIDPI_IMAGES = YES;
				CURRENT_PROJECT_VERSION = 1;
				ENABLE_PREVIEWS = YES;
				GENERATE_INFOPLIST_FILE = YES;
				INFOPLIST_KEY_NSHumanReadableCopyright = "";
				LD_RUNPATH_SEARCH_PATHS = (
					"$(inherited)",
					"@executable_path/../Frameworks",
				);
				MARKETING_VERSION = 1.0;
				PRODUCT_BUNDLE_IDENTIFIER = "com.ragingo.ios-samples.Sample005-Charts";
				PRODUCT_NAME = "Sample005-Charts";
				SDKROOT = macosx;
				SWIFT_EMIT_LOC_STRINGS = YES;
				SWIFT_VERSION = 5.0;
			};
			name = Release;
		};
/* End XCBuildConfiguration section */

/* Begin XCConfigurationList section */
		450DDB6F285CD9B1001B4897 /* Build configuration list for PBXProject "Sample005-Charts" */ = {
			isa = XCConfigurationList;
			buildConfigurations = (
				450DDB87285CD9B4001B4897 /* Debug */,
				450DDB88285CD9B4001B4897 /* Release */,
			);
			defaultConfigurationIsVisible = 0;
			defaultConfigurationName = Release;
		};
		450DDB89285CD9B4001B4897 /* Build configuration list for PBXNativeTarget "Sample005-Charts (iOS)" */ = {
			isa = XCConfigurationList;
			buildConfigurations = (
				450DDB8A285CD9B4001B4897 /* Debug */,
				450DDB8B285CD9B4001B4897 /* Release */,
			);
			defaultConfigurationIsVisible = 0;
			defaultConfigurationName = Release;
		};
		450DDB8C285CD9B4001B4897 /* Build configuration list for PBXNativeTarget "Sample005-Charts (macOS)" */ = {
			isa = XCConfigurationList;
			buildConfigurations = (
				450DDB8D285CD9B4001B4897 /* Debug */,
				450DDB8E285CD9B4001B4897 /* Release */,
			);
			defaultConfigurationIsVisible = 0;
			defaultConfigurationName = Release;
		};
/* End XCConfigurationList section */
	};
	rootObject = 450DDB6C285CD9B1001B4897 /* Project object */;
}
