// !$*UTF8*$!
{
	archiveVersion = 1;
	classes = {
	};
	objectVersion = 56;
	objects = {

/* Begin PBXBuildFile section */
		5203089729816D1200C0CC5F /* AppDelegate.swift in Sources */ = {isa = PBXBuildFile; fileRef = 5203089629816D1200C0CC5F /* AppDelegate.swift */; };
		5203089929816D1200C0CC5F /* SceneDelegate.swift in Sources */ = {isa = PBXBuildFile; fileRef = 5203089829816D1200C0CC5F /* SceneDelegate.swift */; };
		5203089B29816D1200C0CC5F /* ViewController.swift in Sources */ = {isa = PBXBuildFile; fileRef = 5203089A29816D1200C0CC5F /* ViewController.swift */; };
		5203089E29816D1200C0CC5F /* Main.storyboard in Resources */ = {isa = PBXBuildFile; fileRef = 5203089C29816D1200C0CC5F /* Main.storyboard */; };
		520308A029816D1600C0CC5F /* Assets.xcassets in Resources */ = {isa = PBXBuildFile; fileRef = 5203089F29816D1600C0CC5F /* Assets.xcassets */; };
		520308A329816D1600C0CC5F /* LaunchScreen.storyboard in Resources */ = {isa = PBXBuildFile; fileRef = 520308A129816D1600C0CC5F /* LaunchScreen.storyboard */; };
		520308AB29817C4100C0CC5F /* QRCodeReaderView.swift in Sources */ = {isa = PBXBuildFile; fileRef = 520308AA29817C4100C0CC5F /* QRCodeReaderView.swift */; };
		52364916298FF3A7002B2DA6 /* Shaders.metal in Sources */ = {isa = PBXBuildFile; fileRef = 52364915298FF3A7002B2DA6 /* Shaders.metal */; };
		526CBE492986BA18009A317B /* CodeReaderCamera.swift in Sources */ = {isa = PBXBuildFile; fileRef = 526CBE482986BA18009A317B /* CodeReaderCamera.swift */; };
		52FBAE7B2993C802006F69F1 /* MetalView.swift in Sources */ = {isa = PBXBuildFile; fileRef = 52FBAE7A2993C802006F69F1 /* MetalView.swift */; };
		52FBAE7D2993CB9E006F69F1 /* CVPixelBuffer+Extensions.swift in Sources */ = {isa = PBXBuildFile; fileRef = 52FBAE7C2993CB9E006F69F1 /* CVPixelBuffer+Extensions.swift */; };
/* End PBXBuildFile section */

/* Begin PBXFileReference section */
		5203089329816D1200C0CC5F /* Sample015-QRCode.app */ = {isa = PBXFileReference; explicitFileType = wrapper.application; includeInIndex = 0; path = "Sample015-QRCode.app"; sourceTree = BUILT_PRODUCTS_DIR; };
		5203089629816D1200C0CC5F /* AppDelegate.swift */ = {isa = PBXFileReference; lastKnownFileType = sourcecode.swift; path = AppDelegate.swift; sourceTree = "<group>"; };
		5203089829816D1200C0CC5F /* SceneDelegate.swift */ = {isa = PBXFileReference; lastKnownFileType = sourcecode.swift; path = SceneDelegate.swift; sourceTree = "<group>"; };
		5203089A29816D1200C0CC5F /* ViewController.swift */ = {isa = PBXFileReference; lastKnownFileType = sourcecode.swift; path = ViewController.swift; sourceTree = "<group>"; };
		5203089D29816D1200C0CC5F /* Base */ = {isa = PBXFileReference; lastKnownFileType = file.storyboard; name = Base; path = Base.lproj/Main.storyboard; sourceTree = "<group>"; };
		5203089F29816D1600C0CC5F /* Assets.xcassets */ = {isa = PBXFileReference; lastKnownFileType = folder.assetcatalog; path = Assets.xcassets; sourceTree = "<group>"; };
		520308A229816D1600C0CC5F /* Base */ = {isa = PBXFileReference; lastKnownFileType = file.storyboard; name = Base; path = Base.lproj/LaunchScreen.storyboard; sourceTree = "<group>"; };
		520308A429816D1600C0CC5F /* Info.plist */ = {isa = PBXFileReference; lastKnownFileType = text.plist.xml; path = Info.plist; sourceTree = "<group>"; };
		520308AA29817C4100C0CC5F /* QRCodeReaderView.swift */ = {isa = PBXFileReference; lastKnownFileType = sourcecode.swift; path = QRCodeReaderView.swift; sourceTree = "<group>"; };
		52364915298FF3A7002B2DA6 /* Shaders.metal */ = {isa = PBXFileReference; lastKnownFileType = sourcecode.metal; path = Shaders.metal; sourceTree = "<group>"; };
		526CBE482986BA18009A317B /* CodeReaderCamera.swift */ = {isa = PBXFileReference; lastKnownFileType = sourcecode.swift; path = CodeReaderCamera.swift; sourceTree = "<group>"; };
		52FBAE7A2993C802006F69F1 /* MetalView.swift */ = {isa = PBXFileReference; lastKnownFileType = sourcecode.swift; path = MetalView.swift; sourceTree = "<group>"; };
		52FBAE7C2993CB9E006F69F1 /* CVPixelBuffer+Extensions.swift */ = {isa = PBXFileReference; lastKnownFileType = sourcecode.swift; path = "CVPixelBuffer+Extensions.swift"; sourceTree = "<group>"; };
/* End PBXFileReference section */

/* Begin PBXFrameworksBuildPhase section */
		5203089029816D1200C0CC5F /* Frameworks */ = {
			isa = PBXFrameworksBuildPhase;
			buildActionMask = 2147483647;
			files = (
			);
			runOnlyForDeploymentPostprocessing = 0;
		};
/* End PBXFrameworksBuildPhase section */

/* Begin PBXGroup section */
		5203088A29816D1200C0CC5F = {
			isa = PBXGroup;
			children = (
				5203089529816D1200C0CC5F /* Sample015-QRCode */,
				5203089429816D1200C0CC5F /* Products */,
			);
			sourceTree = "<group>";
		};
		5203089429816D1200C0CC5F /* Products */ = {
			isa = PBXGroup;
			children = (
				5203089329816D1200C0CC5F /* Sample015-QRCode.app */,
			);
			name = Products;
			sourceTree = "<group>";
		};
		5203089529816D1200C0CC5F /* Sample015-QRCode */ = {
			isa = PBXGroup;
			children = (
				526CBE4C298AA8FF009A317B /* Sources */,
				520308A129816D1600C0CC5F /* LaunchScreen.storyboard */,
				5203089C29816D1200C0CC5F /* Main.storyboard */,
				5203089F29816D1600C0CC5F /* Assets.xcassets */,
				520308A429816D1600C0CC5F /* Info.plist */,
			);
			path = "Sample015-QRCode";
			sourceTree = "<group>";
		};
		526CBE4C298AA8FF009A317B /* Sources */ = {
			isa = PBXGroup;
			children = (
				5203089629816D1200C0CC5F /* AppDelegate.swift */,
				526CBE482986BA18009A317B /* CodeReaderCamera.swift */,
				520308AA29817C4100C0CC5F /* QRCodeReaderView.swift */,
				5203089829816D1200C0CC5F /* SceneDelegate.swift */,
				5203089A29816D1200C0CC5F /* ViewController.swift */,
				52364915298FF3A7002B2DA6 /* Shaders.metal */,
				52FBAE7A2993C802006F69F1 /* MetalView.swift */,
				52FBAE7C2993CB9E006F69F1 /* CVPixelBuffer+Extensions.swift */,
			);
			path = Sources;
			sourceTree = "<group>";
		};
/* End PBXGroup section */

/* Begin PBXNativeTarget section */
		5203089229816D1200C0CC5F /* Sample015-QRCode */ = {
			isa = PBXNativeTarget;
			buildConfigurationList = 520308A729816D1600C0CC5F /* Build configuration list for PBXNativeTarget "Sample015-QRCode" */;
			buildPhases = (
				5203088F29816D1200C0CC5F /* Sources */,
				5203089029816D1200C0CC5F /* Frameworks */,
				5203089129816D1200C0CC5F /* Resources */,
			);
			buildRules = (
			);
			dependencies = (
			);
			name = "Sample015-QRCode";
			productName = "Sample015-QRCode";
			productReference = 5203089329816D1200C0CC5F /* Sample015-QRCode.app */;
			productType = "com.apple.product-type.application";
		};
/* End PBXNativeTarget section */

/* Begin PBXProject section */
		5203088B29816D1200C0CC5F /* Project object */ = {
			isa = PBXProject;
			attributes = {
				BuildIndependentTargetsInParallel = 1;
				LastSwiftUpdateCheck = 1420;
				LastUpgradeCheck = 1420;
				TargetAttributes = {
					5203089229816D1200C0CC5F = {
						CreatedOnToolsVersion = 14.2;
					};
				};
			};
			buildConfigurationList = 5203088E29816D1200C0CC5F /* Build configuration list for PBXProject "Sample015-QRCode" */;
			compatibilityVersion = "Xcode 14.0";
			developmentRegion = en;
			hasScannedForEncodings = 0;
			knownRegions = (
				en,
				Base,
			);
			mainGroup = 5203088A29816D1200C0CC5F;
			productRefGroup = 5203089429816D1200C0CC5F /* Products */;
			projectDirPath = "";
			projectRoot = "";
			targets = (
				5203089229816D1200C0CC5F /* Sample015-QRCode */,
			);
		};
/* End PBXProject section */

/* Begin PBXResourcesBuildPhase section */
		5203089129816D1200C0CC5F /* Resources */ = {
			isa = PBXResourcesBuildPhase;
			buildActionMask = 2147483647;
			files = (
				520308A329816D1600C0CC5F /* LaunchScreen.storyboard in Resources */,
				520308A029816D1600C0CC5F /* Assets.xcassets in Resources */,
				5203089E29816D1200C0CC5F /* Main.storyboard in Resources */,
			);
			runOnlyForDeploymentPostprocessing = 0;
		};
/* End PBXResourcesBuildPhase section */

/* Begin PBXSourcesBuildPhase section */
		5203088F29816D1200C0CC5F /* Sources */ = {
			isa = PBXSourcesBuildPhase;
			buildActionMask = 2147483647;
			files = (
				52364916298FF3A7002B2DA6 /* Shaders.metal in Sources */,
				52FBAE7D2993CB9E006F69F1 /* CVPixelBuffer+Extensions.swift in Sources */,
				52FBAE7B2993C802006F69F1 /* MetalView.swift in Sources */,
				5203089B29816D1200C0CC5F /* ViewController.swift in Sources */,
				526CBE492986BA18009A317B /* CodeReaderCamera.swift in Sources */,
				520308AB29817C4100C0CC5F /* QRCodeReaderView.swift in Sources */,
				5203089729816D1200C0CC5F /* AppDelegate.swift in Sources */,
				5203089929816D1200C0CC5F /* SceneDelegate.swift in Sources */,
			);
			runOnlyForDeploymentPostprocessing = 0;
		};
/* End PBXSourcesBuildPhase section */

/* Begin PBXVariantGroup section */
		5203089C29816D1200C0CC5F /* Main.storyboard */ = {
			isa = PBXVariantGroup;
			children = (
				5203089D29816D1200C0CC5F /* Base */,
			);
			name = Main.storyboard;
			sourceTree = "<group>";
		};
		520308A129816D1600C0CC5F /* LaunchScreen.storyboard */ = {
			isa = PBXVariantGroup;
			children = (
				520308A229816D1600C0CC5F /* Base */,
			);
			name = LaunchScreen.storyboard;
			sourceTree = "<group>";
		};
/* End PBXVariantGroup section */

/* Begin XCBuildConfiguration section */
		520308A529816D1600C0CC5F /* Debug */ = {
			isa = XCBuildConfiguration;
			buildSettings = {
				ALWAYS_SEARCH_USER_PATHS = NO;
				CLANG_ANALYZER_NONNULL = YES;
				CLANG_ANALYZER_NUMBER_OBJECT_CONVERSION = YES_AGGRESSIVE;
				CLANG_CXX_LANGUAGE_STANDARD = "gnu++20";
				CLANG_ENABLE_MODULES = YES;
				CLANG_ENABLE_OBJC_ARC = YES;
				CLANG_ENABLE_OBJC_WEAK = YES;
				CLANG_WARN_BLOCK_CAPTURE_AUTORELEASING = YES;
				CLANG_WARN_BOOL_CONVERSION = YES;
				CLANG_WARN_COMMA = YES;
				CLANG_WARN_CONSTANT_CONVERSION = YES;
				CLANG_WARN_DEPRECATED_OBJC_IMPLEMENTATIONS = YES;
				CLANG_WARN_DIRECT_OBJC_ISA_USAGE = YES_ERROR;
				CLANG_WARN_DOCUMENTATION_COMMENTS = YES;
				CLANG_WARN_EMPTY_BODY = YES;
				CLANG_WARN_ENUM_CONVERSION = YES;
				CLANG_WARN_INFINITE_RECURSION = YES;
				CLANG_WARN_INT_CONVERSION = YES;
				CLANG_WARN_NON_LITERAL_NULL_CONVERSION = YES;
				CLANG_WARN_OBJC_IMPLICIT_RETAIN_SELF = YES;
				CLANG_WARN_OBJC_LITERAL_CONVERSION = YES;
				CLANG_WARN_OBJC_ROOT_CLASS = YES_ERROR;
				CLANG_WARN_QUOTED_INCLUDE_IN_FRAMEWORK_HEADER = YES;
				CLANG_WARN_RANGE_LOOP_ANALYSIS = YES;
				CLANG_WARN_STRICT_PROTOTYPES = YES;
				CLANG_WARN_SUSPICIOUS_MOVE = YES;
				CLANG_WARN_UNGUARDED_AVAILABILITY = YES_AGGRESSIVE;
				CLANG_WARN_UNREACHABLE_CODE = YES;
				CLANG_WARN__DUPLICATE_METHOD_MATCH = YES;
				COPY_PHASE_STRIP = NO;
				DEBUG_INFORMATION_FORMAT = dwarf;
				ENABLE_STRICT_OBJC_MSGSEND = YES;
				ENABLE_TESTABILITY = YES;
				GCC_C_LANGUAGE_STANDARD = gnu11;
				GCC_DYNAMIC_NO_PIC = NO;
				GCC_NO_COMMON_BLOCKS = YES;
				GCC_OPTIMIZATION_LEVEL = 0;
				GCC_PREPROCESSOR_DEFINITIONS = (
					"DEBUG=1",
					"$(inherited)",
				);
				GCC_WARN_64_TO_32_BIT_CONVERSION = YES;
				GCC_WARN_ABOUT_RETURN_TYPE = YES_ERROR;
				GCC_WARN_UNDECLARED_SELECTOR = YES;
				GCC_WARN_UNINITIALIZED_AUTOS = YES_AGGRESSIVE;
				GCC_WARN_UNUSED_FUNCTION = YES;
				GCC_WARN_UNUSED_VARIABLE = YES;
				IPHONEOS_DEPLOYMENT_TARGET = 14.0;
				MTL_ENABLE_DEBUG_INFO = INCLUDE_SOURCE;
				MTL_FAST_MATH = YES;
				ONLY_ACTIVE_ARCH = YES;
				SDKROOT = iphoneos;
				SWIFT_ACTIVE_COMPILATION_CONDITIONS = DEBUG;
				SWIFT_OPTIMIZATION_LEVEL = "-Onone";
			};
			name = Debug;
		};
		520308A629816D1600C0CC5F /* Release */ = {
			isa = XCBuildConfiguration;
			buildSettings = {
				ALWAYS_SEARCH_USER_PATHS = NO;
				CLANG_ANALYZER_NONNULL = YES;
				CLANG_ANALYZER_NUMBER_OBJECT_CONVERSION = YES_AGGRESSIVE;
				CLANG_CXX_LANGUAGE_STANDARD = "gnu++20";
				CLANG_ENABLE_MODULES = YES;
				CLANG_ENABLE_OBJC_ARC = YES;
				CLANG_ENABLE_OBJC_WEAK = YES;
				CLANG_WARN_BLOCK_CAPTURE_AUTORELEASING = YES;
				CLANG_WARN_BOOL_CONVERSION = YES;
				CLANG_WARN_COMMA = YES;
				CLANG_WARN_CONSTANT_CONVERSION = YES;
				CLANG_WARN_DEPRECATED_OBJC_IMPLEMENTATIONS = YES;
				CLANG_WARN_DIRECT_OBJC_ISA_USAGE = YES_ERROR;
				CLANG_WARN_DOCUMENTATION_COMMENTS = YES;
				CLANG_WARN_EMPTY_BODY = YES;
				CLANG_WARN_ENUM_CONVERSION = YES;
				CLANG_WARN_INFINITE_RECURSION = YES;
				CLANG_WARN_INT_CONVERSION = YES;
				CLANG_WARN_NON_LITERAL_NULL_CONVERSION = YES;
				CLANG_WARN_OBJC_IMPLICIT_RETAIN_SELF = YES;
				CLANG_WARN_OBJC_LITERAL_CONVERSION = YES;
				CLANG_WARN_OBJC_ROOT_CLASS = YES_ERROR;
				CLANG_WARN_QUOTED_INCLUDE_IN_FRAMEWORK_HEADER = YES;
				CLANG_WARN_RANGE_LOOP_ANALYSIS = YES;
				CLANG_WARN_STRICT_PROTOTYPES = YES;
				CLANG_WARN_SUSPICIOUS_MOVE = YES;
				CLANG_WARN_UNGUARDED_AVAILABILITY = YES_AGGRESSIVE;
				CLANG_WARN_UNREACHABLE_CODE = YES;
				CLANG_WARN__DUPLICATE_METHOD_MATCH = YES;
				COPY_PHASE_STRIP = NO;
				DEBUG_INFORMATION_FORMAT = "dwarf-with-dsym";
				ENABLE_NS_ASSERTIONS = NO;
				ENABLE_STRICT_OBJC_MSGSEND = YES;
				GCC_C_LANGUAGE_STANDARD = gnu11;
				GCC_NO_COMMON_BLOCKS = YES;
				GCC_WARN_64_TO_32_BIT_CONVERSION = YES;
				GCC_WARN_ABOUT_RETURN_TYPE = YES_ERROR;
				GCC_WARN_UNDECLARED_SELECTOR = YES;
				GCC_WARN_UNINITIALIZED_AUTOS = YES_AGGRESSIVE;
				GCC_WARN_UNUSED_FUNCTION = YES;
				GCC_WARN_UNUSED_VARIABLE = YES;
				IPHONEOS_DEPLOYMENT_TARGET = 14.0;
				MTL_ENABLE_DEBUG_INFO = NO;
				MTL_FAST_MATH = YES;
				SDKROOT = iphoneos;
				SWIFT_COMPILATION_MODE = wholemodule;
				SWIFT_OPTIMIZATION_LEVEL = "-O";
				VALIDATE_PRODUCT = YES;
			};
			name = Release;
		};
		520308A829816D1600C0CC5F /* Debug */ = {
			isa = XCBuildConfiguration;
			buildSettings = {
				ASSETCATALOG_COMPILER_APPICON_NAME = AppIcon;
				ASSETCATALOG_COMPILER_GLOBAL_ACCENT_COLOR_NAME = AccentColor;
				CODE_SIGN_STYLE = Automatic;
				CURRENT_PROJECT_VERSION = 1;
				DEVELOPMENT_TEAM = W8439G23NQ;
				GENERATE_INFOPLIST_FILE = YES;
				INFOPLIST_FILE = "Sample015-QRCode/Info.plist";
				INFOPLIST_KEY_NSCameraUsageDescription = "QR Code Reader";
				INFOPLIST_KEY_UIApplicationSupportsIndirectInputEvents = YES;
				INFOPLIST_KEY_UILaunchStoryboardName = LaunchScreen;
				INFOPLIST_KEY_UIMainStoryboardFile = Main;
				INFOPLIST_KEY_UISupportedInterfaceOrientations_iPad = "UIInterfaceOrientationPortrait UIInterfaceOrientationPortraitUpsideDown UIInterfaceOrientationLandscapeLeft UIInterfaceOrientationLandscapeRight";
				INFOPLIST_KEY_UISupportedInterfaceOrientations_iPhone = "UIInterfaceOrientationPortrait UIInterfaceOrientationLandscapeLeft UIInterfaceOrientationLandscapeRight";
				LD_RUNPATH_SEARCH_PATHS = (
					"$(inherited)",
					"@executable_path/Frameworks",
				);
				MARKETING_VERSION = 1.0;
				PRODUCT_BUNDLE_IDENTIFIER = "com.ragingo.ios-samples.Sample015-QRCode";
				PRODUCT_NAME = "$(TARGET_NAME)";
				SWIFT_EMIT_LOC_STRINGS = YES;
				SWIFT_VERSION = 5.0;
				TARGETED_DEVICE_FAMILY = "1,2";
			};
			name = Debug;
		};
		520308A929816D1600C0CC5F /* Release */ = {
			isa = XCBuildConfiguration;
			buildSettings = {
				ASSETCATALOG_COMPILER_APPICON_NAME = AppIcon;
				ASSETCATALOG_COMPILER_GLOBAL_ACCENT_COLOR_NAME = AccentColor;
				CODE_SIGN_STYLE = Automatic;
				CURRENT_PROJECT_VERSION = 1;
				DEVELOPMENT_TEAM = W8439G23NQ;
				GENERATE_INFOPLIST_FILE = YES;
				INFOPLIST_FILE = "Sample015-QRCode/Info.plist";
				INFOPLIST_KEY_NSCameraUsageDescription = "QR Code Reader";
				INFOPLIST_KEY_UIApplicationSupportsIndirectInputEvents = YES;
				INFOPLIST_KEY_UILaunchStoryboardName = LaunchScreen;
				INFOPLIST_KEY_UIMainStoryboardFile = Main;
				INFOPLIST_KEY_UISupportedInterfaceOrientations_iPad = "UIInterfaceOrientationPortrait UIInterfaceOrientationPortraitUpsideDown UIInterfaceOrientationLandscapeLeft UIInterfaceOrientationLandscapeRight";
				INFOPLIST_KEY_UISupportedInterfaceOrientations_iPhone = "UIInterfaceOrientationPortrait UIInterfaceOrientationLandscapeLeft UIInterfaceOrientationLandscapeRight";
				LD_RUNPATH_SEARCH_PATHS = (
					"$(inherited)",
					"@executable_path/Frameworks",
				);
				MARKETING_VERSION = 1.0;
				PRODUCT_BUNDLE_IDENTIFIER = "com.ragingo.ios-samples.Sample015-QRCode";
				PRODUCT_NAME = "$(TARGET_NAME)";
				SWIFT_EMIT_LOC_STRINGS = YES;
				SWIFT_VERSION = 5.0;
				TARGETED_DEVICE_FAMILY = "1,2";
			};
			name = Release;
		};
/* End XCBuildConfiguration section */

/* Begin XCConfigurationList section */
		5203088E29816D1200C0CC5F /* Build configuration list for PBXProject "Sample015-QRCode" */ = {
			isa = XCConfigurationList;
			buildConfigurations = (
				520308A529816D1600C0CC5F /* Debug */,
				520308A629816D1600C0CC5F /* Release */,
			);
			defaultConfigurationIsVisible = 0;
			defaultConfigurationName = Release;
		};
		520308A729816D1600C0CC5F /* Build configuration list for PBXNativeTarget "Sample015-QRCode" */ = {
			isa = XCConfigurationList;
			buildConfigurations = (
				520308A829816D1600C0CC5F /* Debug */,
				520308A929816D1600C0CC5F /* Release */,
			);
			defaultConfigurationIsVisible = 0;
			defaultConfigurationName = Release;
		};
/* End XCConfigurationList section */
	};
	rootObject = 5203088B29816D1200C0CC5F /* Project object */;
}
