// !$*UTF8*$!
{
	archiveVersion = 1;
	classes = {
	};
	objectVersion = 56;
	objects = {

/* Begin PBXBuildFile section */
		5276F3AA28D85F9300ECB6D1 /* ArtistView.swift in Sources */ = {isa = PBXBuildFile; fileRef = 5276F3A928D85F9300ECB6D1 /* ArtistView.swift */; };
		5276F3B028D862FC00ECB6D1 /* RgImage.swift in Sources */ = {isa = PBXBuildFile; fileRef = 5276F3AF28D862FC00ECB6D1 /* RgImage.swift */; };
		5276F3B228D8937500ECB6D1 /* ArtistList.swift in Sources */ = {isa = PBXBuildFile; fileRef = 5276F3B128D8937500ECB6D1 /* ArtistList.swift */; };
		5277C9C728D8347600E4F7A1 /* Sample009_MusicKitApp.swift in Sources */ = {isa = PBXBuildFile; fileRef = 5277C9C628D8347600E4F7A1 /* Sample009_MusicKitApp.swift */; };
		5277C9C928D8347600E4F7A1 /* ContentView.swift in Sources */ = {isa = PBXBuildFile; fileRef = 5277C9C828D8347600E4F7A1 /* ContentView.swift */; };
		5277C9CB28D8347800E4F7A1 /* Assets.xcassets in Resources */ = {isa = PBXBuildFile; fileRef = 5277C9CA28D8347800E4F7A1 /* Assets.xcassets */; };
		5277C9CE28D8347800E4F7A1 /* Preview Assets.xcassets in Resources */ = {isa = PBXBuildFile; fileRef = 5277C9CD28D8347800E4F7A1 /* Preview Assets.xcassets */; };
/* End PBXBuildFile section */

/* Begin PBXFileReference section */
		5276F3A928D85F9300ECB6D1 /* ArtistView.swift */ = {isa = PBXFileReference; lastKnownFileType = sourcecode.swift; path = ArtistView.swift; sourceTree = "<group>"; };
		5276F3AF28D862FC00ECB6D1 /* RgImage.swift */ = {isa = PBXFileReference; lastKnownFileType = sourcecode.swift; path = RgImage.swift; sourceTree = "<group>"; };
		5276F3B128D8937500ECB6D1 /* ArtistList.swift */ = {isa = PBXFileReference; lastKnownFileType = sourcecode.swift; path = ArtistList.swift; sourceTree = "<group>"; };
		5277C9C328D8347600E4F7A1 /* Sample009-MusicKit.app */ = {isa = PBXFileReference; explicitFileType = wrapper.application; includeInIndex = 0; path = "Sample009-MusicKit.app"; sourceTree = BUILT_PRODUCTS_DIR; };
		5277C9C628D8347600E4F7A1 /* Sample009_MusicKitApp.swift */ = {isa = PBXFileReference; lastKnownFileType = sourcecode.swift; path = Sample009_MusicKitApp.swift; sourceTree = "<group>"; };
		5277C9C828D8347600E4F7A1 /* ContentView.swift */ = {isa = PBXFileReference; lastKnownFileType = sourcecode.swift; path = ContentView.swift; sourceTree = "<group>"; };
		5277C9CA28D8347800E4F7A1 /* Assets.xcassets */ = {isa = PBXFileReference; lastKnownFileType = folder.assetcatalog; path = Assets.xcassets; sourceTree = "<group>"; };
		5277C9CD28D8347800E4F7A1 /* Preview Assets.xcassets */ = {isa = PBXFileReference; lastKnownFileType = folder.assetcatalog; path = "Preview Assets.xcassets"; sourceTree = "<group>"; };
/* End PBXFileReference section */

/* Begin PBXFrameworksBuildPhase section */
		5277C9C028D8347600E4F7A1 /* Frameworks */ = {
			isa = PBXFrameworksBuildPhase;
			buildActionMask = 2147483647;
			files = (
			);
			runOnlyForDeploymentPostprocessing = 0;
		};
/* End PBXFrameworksBuildPhase section */

/* Begin PBXGroup section */
		5276F3AB28D8626800ECB6D1 /* Views */ = {
			isa = PBXGroup;
			children = (
				5276F3AC28D8627500ECB6D1 /* Components */,
				5277C9C828D8347600E4F7A1 /* ContentView.swift */,
			);
			path = Views;
			sourceTree = "<group>";
		};
		5276F3AC28D8627500ECB6D1 /* Components */ = {
			isa = PBXGroup;
			children = (
				5276F3A928D85F9300ECB6D1 /* ArtistView.swift */,
				5276F3B128D8937500ECB6D1 /* ArtistList.swift */,
				5276F3AF28D862FC00ECB6D1 /* RgImage.swift */,
			);
			path = Components;
			sourceTree = "<group>";
		};
		5277C9BA28D8347600E4F7A1 = {
			isa = PBXGroup;
			children = (
				5277C9C528D8347600E4F7A1 /* Sample009-MusicKit */,
				5277C9C428D8347600E4F7A1 /* Products */,
			);
			sourceTree = "<group>";
		};
		5277C9C428D8347600E4F7A1 /* Products */ = {
			isa = PBXGroup;
			children = (
				5277C9C328D8347600E4F7A1 /* Sample009-MusicKit.app */,
			);
			name = Products;
			sourceTree = "<group>";
		};
		5277C9C528D8347600E4F7A1 /* Sample009-MusicKit */ = {
			isa = PBXGroup;
			children = (
				5276F3AB28D8626800ECB6D1 /* Views */,
				5277C9C628D8347600E4F7A1 /* Sample009_MusicKitApp.swift */,
				5277C9CA28D8347800E4F7A1 /* Assets.xcassets */,
				5277C9CC28D8347800E4F7A1 /* Preview Content */,
			);
			path = "Sample009-MusicKit";
			sourceTree = "<group>";
		};
		5277C9CC28D8347800E4F7A1 /* Preview Content */ = {
			isa = PBXGroup;
			children = (
				5277C9CD28D8347800E4F7A1 /* Preview Assets.xcassets */,
			);
			path = "Preview Content";
			sourceTree = "<group>";
		};
/* End PBXGroup section */

/* Begin PBXNativeTarget section */
		5277C9C228D8347600E4F7A1 /* Sample009-MusicKit */ = {
			isa = PBXNativeTarget;
			buildConfigurationList = 5277C9D128D8347800E4F7A1 /* Build configuration list for PBXNativeTarget "Sample009-MusicKit" */;
			buildPhases = (
				5277C9BF28D8347600E4F7A1 /* Sources */,
				5277C9C028D8347600E4F7A1 /* Frameworks */,
				5277C9C128D8347600E4F7A1 /* Resources */,
			);
			buildRules = (
			);
			dependencies = (
			);
			name = "Sample009-MusicKit";
			productName = "Sample009-MusicKit";
			productReference = 5277C9C328D8347600E4F7A1 /* Sample009-MusicKit.app */;
			productType = "com.apple.product-type.application";
		};
/* End PBXNativeTarget section */

/* Begin PBXProject section */
		5277C9BB28D8347600E4F7A1 /* Project object */ = {
			isa = PBXProject;
			attributes = {
				BuildIndependentTargetsInParallel = 1;
				LastSwiftUpdateCheck = 1410;
				LastUpgradeCheck = 1410;
				TargetAttributes = {
					5277C9C228D8347600E4F7A1 = {
						CreatedOnToolsVersion = 14.1;
					};
				};
			};
			buildConfigurationList = 5277C9BE28D8347600E4F7A1 /* Build configuration list for PBXProject "Sample009-MusicKit" */;
			compatibilityVersion = "Xcode 14.0";
			developmentRegion = en;
			hasScannedForEncodings = 0;
			knownRegions = (
				en,
				Base,
			);
			mainGroup = 5277C9BA28D8347600E4F7A1;
			productRefGroup = 5277C9C428D8347600E4F7A1 /* Products */;
			projectDirPath = "";
			projectRoot = "";
			targets = (
				5277C9C228D8347600E4F7A1 /* Sample009-MusicKit */,
			);
		};
/* End PBXProject section */

/* Begin PBXResourcesBuildPhase section */
		5277C9C128D8347600E4F7A1 /* Resources */ = {
			isa = PBXResourcesBuildPhase;
			buildActionMask = 2147483647;
			files = (
				5277C9CE28D8347800E4F7A1 /* Preview Assets.xcassets in Resources */,
				5277C9CB28D8347800E4F7A1 /* Assets.xcassets in Resources */,
			);
			runOnlyForDeploymentPostprocessing = 0;
		};
/* End PBXResourcesBuildPhase section */

/* Begin PBXSourcesBuildPhase section */
		5277C9BF28D8347600E4F7A1 /* Sources */ = {
			isa = PBXSourcesBuildPhase;
			buildActionMask = 2147483647;
			files = (
				5276F3B228D8937500ECB6D1 /* ArtistList.swift in Sources */,
				5276F3B028D862FC00ECB6D1 /* RgImage.swift in Sources */,
				5277C9C928D8347600E4F7A1 /* ContentView.swift in Sources */,
				5277C9C728D8347600E4F7A1 /* Sample009_MusicKitApp.swift in Sources */,
				5276F3AA28D85F9300ECB6D1 /* ArtistView.swift in Sources */,
			);
			runOnlyForDeploymentPostprocessing = 0;
		};
/* End PBXSourcesBuildPhase section */

/* Begin XCBuildConfiguration section */
		5277C9CF28D8347800E4F7A1 /* Debug */ = {
			isa = XCBuildConfiguration;
			buildSettings = {
				ALWAYS_SEARCH_USER_PATHS = NO;
				CLANG_ANALYZER_NONNULL = YES;
				CLANG_ANALYZER_NUMBER_OBJECT_CONVERSION = YES_AGGRESSIVE;
				CLANG_CXX_LANGUAGE_STANDARD = "gnu++20";
				CLANG_ENABLE_MODULES = YES;
				CLANG_ENABLE_OBJC_ARC = YES;
				CLANG_ENABLE_OBJC_WEAK = YES;
				CLANG_WARN_BLOCK_CAPTURE_AUTORELEASING = YES;
				CLANG_WARN_BOOL_CONVERSION = YES;
				CLANG_WARN_COMMA = YES;
				CLANG_WARN_CONSTANT_CONVERSION = YES;
				CLANG_WARN_DEPRECATED_OBJC_IMPLEMENTATIONS = YES;
				CLANG_WARN_DIRECT_OBJC_ISA_USAGE = YES_ERROR;
				CLANG_WARN_DOCUMENTATION_COMMENTS = YES;
				CLANG_WARN_EMPTY_BODY = YES;
				CLANG_WARN_ENUM_CONVERSION = YES;
				CLANG_WARN_INFINITE_RECURSION = YES;
				CLANG_WARN_INT_CONVERSION = YES;
				CLANG_WARN_NON_LITERAL_NULL_CONVERSION = YES;
				CLANG_WARN_OBJC_IMPLICIT_RETAIN_SELF = YES;
				CLANG_WARN_OBJC_LITERAL_CONVERSION = YES;
				CLANG_WARN_OBJC_ROOT_CLASS = YES_ERROR;
				CLANG_WARN_QUOTED_INCLUDE_IN_FRAMEWORK_HEADER = YES;
				CLANG_WARN_RANGE_LOOP_ANALYSIS = YES;
				CLANG_WARN_STRICT_PROTOTYPES = YES;
				CLANG_WARN_SUSPICIOUS_MOVE = YES;
				CLANG_WARN_UNGUARDED_AVAILABILITY = YES_AGGRESSIVE;
				CLANG_WARN_UNREACHABLE_CODE = YES;
				CLANG_WARN__DUPLICATE_METHOD_MATCH = YES;
				COPY_PHASE_STRIP = NO;
				DEBUG_INFORMATION_FORMAT = dwarf;
				ENABLE_STRICT_OBJC_MSGSEND = YES;
				ENABLE_TESTABILITY = YES;
				GCC_C_LANGUAGE_STANDARD = gnu11;
				GCC_DYNAMIC_NO_PIC = NO;
				GCC_NO_COMMON_BLOCKS = YES;
				GCC_OPTIMIZATION_LEVEL = 0;
				GCC_PREPROCESSOR_DEFINITIONS = (
					"DEBUG=1",
					"$(inherited)",
				);
				GCC_WARN_64_TO_32_BIT_CONVERSION = YES;
				GCC_WARN_ABOUT_RETURN_TYPE = YES_ERROR;
				GCC_WARN_UNDECLARED_SELECTOR = YES;
				GCC_WARN_UNINITIALIZED_AUTOS = YES_AGGRESSIVE;
				GCC_WARN_UNUSED_FUNCTION = YES;
				GCC_WARN_UNUSED_VARIABLE = YES;
				IPHONEOS_DEPLOYMENT_TARGET = 15.0;
				MTL_ENABLE_DEBUG_INFO = INCLUDE_SOURCE;
				MTL_FAST_MATH = YES;
				ONLY_ACTIVE_ARCH = YES;
				SDKROOT = iphoneos;
				SWIFT_ACTIVE_COMPILATION_CONDITIONS = DEBUG;
				SWIFT_OPTIMIZATION_LEVEL = "-Onone";
			};
			name = Debug;
		};
		5277C9D028D8347800E4F7A1 /* Release */ = {
			isa = XCBuildConfiguration;
			buildSettings = {
				ALWAYS_SEARCH_USER_PATHS = NO;
				CLANG_ANALYZER_NONNULL = YES;
				CLANG_ANALYZER_NUMBER_OBJECT_CONVERSION = YES_AGGRESSIVE;
				CLANG_CXX_LANGUAGE_STANDARD = "gnu++20";
				CLANG_ENABLE_MODULES = YES;
				CLANG_ENABLE_OBJC_ARC = YES;
				CLANG_ENABLE_OBJC_WEAK = YES;
				CLANG_WARN_BLOCK_CAPTURE_AUTORELEASING = YES;
				CLANG_WARN_BOOL_CONVERSION = YES;
				CLANG_WARN_COMMA = YES;
				CLANG_WARN_CONSTANT_CONVERSION = YES;
				CLANG_WARN_DEPRECATED_OBJC_IMPLEMENTATIONS = YES;
				CLANG_WARN_DIRECT_OBJC_ISA_USAGE = YES_ERROR;
				CLANG_WARN_DOCUMENTATION_COMMENTS = YES;
				CLANG_WARN_EMPTY_BODY = YES;
				CLANG_WARN_ENUM_CONVERSION = YES;
				CLANG_WARN_INFINITE_RECURSION = YES;
				CLANG_WARN_INT_CONVERSION = YES;
				CLANG_WARN_NON_LITERAL_NULL_CONVERSION = YES;
				CLANG_WARN_OBJC_IMPLICIT_RETAIN_SELF = YES;
				CLANG_WARN_OBJC_LITERAL_CONVERSION = YES;
				CLANG_WARN_OBJC_ROOT_CLASS = YES_ERROR;
				CLANG_WARN_QUOTED_INCLUDE_IN_FRAMEWORK_HEADER = YES;
				CLANG_WARN_RANGE_LOOP_ANALYSIS = YES;
				CLANG_WARN_STRICT_PROTOTYPES = YES;
				CLANG_WARN_SUSPICIOUS_MOVE = YES;
				CLANG_WARN_UNGUARDED_AVAILABILITY = YES_AGGRESSIVE;
				CLANG_WARN_UNREACHABLE_CODE = YES;
				CLANG_WARN__DUPLICATE_METHOD_MATCH = YES;
				COPY_PHASE_STRIP = NO;
				DEBUG_INFORMATION_FORMAT = "dwarf-with-dsym";
				ENABLE_NS_ASSERTIONS = NO;
				ENABLE_STRICT_OBJC_MSGSEND = YES;
				GCC_C_LANGUAGE_STANDARD = gnu11;
				GCC_NO_COMMON_BLOCKS = YES;
				GCC_WARN_64_TO_32_BIT_CONVERSION = YES;
				GCC_WARN_ABOUT_RETURN_TYPE = YES_ERROR;
				GCC_WARN_UNDECLARED_SELECTOR = YES;
				GCC_WARN_UNINITIALIZED_AUTOS = YES_AGGRESSIVE;
				GCC_WARN_UNUSED_FUNCTION = YES;
				GCC_WARN_UNUSED_VARIABLE = YES;
				IPHONEOS_DEPLOYMENT_TARGET = 15.0;
				MTL_ENABLE_DEBUG_INFO = NO;
				MTL_FAST_MATH = YES;
				SDKROOT = iphoneos;
				SWIFT_COMPILATION_MODE = wholemodule;
				SWIFT_OPTIMIZATION_LEVEL = "-O";
				VALIDATE_PRODUCT = YES;
			};
			name = Release;
		};
		5277C9D228D8347800E4F7A1 /* Debug */ = {
			isa = XCBuildConfiguration;
			buildSettings = {
				ASSETCATALOG_COMPILER_APPICON_NAME = AppIcon;
				ASSETCATALOG_COMPILER_GLOBAL_ACCENT_COLOR_NAME = AccentColor;
				CODE_SIGN_IDENTITY = "Apple Development";
				CODE_SIGN_STYLE = Automatic;
				CURRENT_PROJECT_VERSION = 1;
				DEVELOPMENT_ASSET_PATHS = "\"Sample009-MusicKit/Preview Content\"";
				DEVELOPMENT_TEAM = "";
				ENABLE_PREVIEWS = YES;
				GENERATE_INFOPLIST_FILE = YES;
				INFOPLIST_KEY_NSAppleMusicUsageDescription = "Media Library を使用します";
				INFOPLIST_KEY_UIApplicationSceneManifest_Generation = YES;
				INFOPLIST_KEY_UIApplicationSupportsIndirectInputEvents = YES;
				INFOPLIST_KEY_UILaunchScreen_Generation = YES;
				INFOPLIST_KEY_UISupportedInterfaceOrientations_iPad = "UIInterfaceOrientationPortrait UIInterfaceOrientationPortraitUpsideDown UIInterfaceOrientationLandscapeLeft UIInterfaceOrientationLandscapeRight";
				INFOPLIST_KEY_UISupportedInterfaceOrientations_iPhone = "UIInterfaceOrientationPortrait UIInterfaceOrientationLandscapeLeft UIInterfaceOrientationLandscapeRight";
				LD_RUNPATH_SEARCH_PATHS = (
					"$(inherited)",
					"@executable_path/Frameworks",
				);
				MARKETING_VERSION = 1.0;
				PRODUCT_BUNDLE_IDENTIFIER = "com.ragingo.ios-samples.Sample009-MusicKit";
				PRODUCT_NAME = "$(TARGET_NAME)";
				PROVISIONING_PROFILE_SPECIFIER = "";
				SWIFT_EMIT_LOC_STRINGS = YES;
				SWIFT_VERSION = 5.0;
				TARGETED_DEVICE_FAMILY = "1,2";
			};
			name = Debug;
		};
		5277C9D328D8347800E4F7A1 /* Release */ = {
			isa = XCBuildConfiguration;
			buildSettings = {
				ASSETCATALOG_COMPILER_APPICON_NAME = AppIcon;
				ASSETCATALOG_COMPILER_GLOBAL_ACCENT_COLOR_NAME = AccentColor;
				CODE_SIGN_IDENTITY = "Apple Development";
				CODE_SIGN_STYLE = Automatic;
				CURRENT_PROJECT_VERSION = 1;
				DEVELOPMENT_ASSET_PATHS = "\"Sample009-MusicKit/Preview Content\"";
				DEVELOPMENT_TEAM = "";
				ENABLE_PREVIEWS = YES;
				GENERATE_INFOPLIST_FILE = YES;
				INFOPLIST_KEY_NSAppleMusicUsageDescription = "Media Library を使用します";
				INFOPLIST_KEY_UIApplicationSceneManifest_Generation = YES;
				INFOPLIST_KEY_UIApplicationSupportsIndirectInputEvents = YES;
				INFOPLIST_KEY_UILaunchScreen_Generation = YES;
				INFOPLIST_KEY_UISupportedInterfaceOrientations_iPad = "UIInterfaceOrientationPortrait UIInterfaceOrientationPortraitUpsideDown UIInterfaceOrientationLandscapeLeft UIInterfaceOrientationLandscapeRight";
				INFOPLIST_KEY_UISupportedInterfaceOrientations_iPhone = "UIInterfaceOrientationPortrait UIInterfaceOrientationLandscapeLeft UIInterfaceOrientationLandscapeRight";
				LD_RUNPATH_SEARCH_PATHS = (
					"$(inherited)",
					"@executable_path/Frameworks",
				);
				MARKETING_VERSION = 1.0;
				PRODUCT_BUNDLE_IDENTIFIER = "com.ragingo.ios-samples.Sample009-MusicKit";
				PRODUCT_NAME = "$(TARGET_NAME)";
				PROVISIONING_PROFILE_SPECIFIER = "";
				SWIFT_EMIT_LOC_STRINGS = YES;
				SWIFT_VERSION = 5.0;
				TARGETED_DEVICE_FAMILY = "1,2";
			};
			name = Release;
		};
/* End XCBuildConfiguration section */

/* Begin XCConfigurationList section */
		5277C9BE28D8347600E4F7A1 /* Build configuration list for PBXProject "Sample009-MusicKit" */ = {
			isa = XCConfigurationList;
			buildConfigurations = (
				5277C9CF28D8347800E4F7A1 /* Debug */,
				5277C9D028D8347800E4F7A1 /* Release */,
			);
			defaultConfigurationIsVisible = 0;
			defaultConfigurationName = Release;
		};
		5277C9D128D8347800E4F7A1 /* Build configuration list for PBXNativeTarget "Sample009-MusicKit" */ = {
			isa = XCConfigurationList;
			buildConfigurations = (
				5277C9D228D8347800E4F7A1 /* Debug */,
				5277C9D328D8347800E4F7A1 /* Release */,
			);
			defaultConfigurationIsVisible = 0;
			defaultConfigurationName = Release;
		};
/* End XCConfigurationList section */
	};
	rootObject = 5277C9BB28D8347600E4F7A1 /* Project object */;
}
